// !$*UTF8*$!
{
	archiveVersion = 1;
	classes = {
	};
	objectVersion = 51;
	objects = {

/* Begin PBXBuildFile section */
		343CA41224CE69A400BF7F95 /* delivery-complete.json in Resources */ = {isa = PBXBuildFile; fileRef = 343CA41124CE69A400BF7F95 /* delivery-complete.json */; };
		343CA41424CE87C400BF7F95 /* LocalNotificationHelper.swift in Sources */ = {isa = PBXBuildFile; fileRef = 343CA41324CE87C400BF7F95 /* LocalNotificationHelper.swift */; };
		34A74EED24BBFC1100A03EBD /* Plist.swift in Sources */ = {isa = PBXBuildFile; fileRef = 34A74EEC24BBFC1100A03EBD /* Plist.swift */; };
		34A7BEBA24C5418400FEF0BA /* StoreCreator.storyboard in Resources */ = {isa = PBXBuildFile; fileRef = 34A7BEB924C5418400FEF0BA /* StoreCreator.storyboard */; };
		34A7BEBC24C5430A00FEF0BA /* StoreListViewController.swift in Sources */ = {isa = PBXBuildFile; fileRef = 34A7BEBB24C5430A00FEF0BA /* StoreListViewController.swift */; };
		34A7BEBE24C5566800FEF0BA /* AddStoreViewController.swift in Sources */ = {isa = PBXBuildFile; fileRef = 34A7BEBD24C5566800FEF0BA /* AddStoreViewController.swift */; };
		34B0519A24CA791400C90A33 /* StoreSelectViewController.swift in Sources */ = {isa = PBXBuildFile; fileRef = 34B0519924CA791400C90A33 /* StoreSelectViewController.swift */; };
		34B31A8C24BBECF100459A57 /* ListenerManager.swift in Sources */ = {isa = PBXBuildFile; fileRef = 34B31A8B24BBECF100459A57 /* ListenerManager.swift */; };
		34C6E02724A9924400F864B2 /* GroceryStoresTableViewController.swift in Sources */ = {isa = PBXBuildFile; fileRef = 34C6E02624A9924400F864B2 /* GroceryStoresTableViewController.swift */; };
		5D59676246AEA03FEF51ED38 /* Pods_Emporium_EmporiumUITests.framework in Frameworks */ = {isa = PBXBuildFile; fileRef = 70BED74BBB422086FC29546B /* Pods_Emporium_EmporiumUITests.framework */; };
		6F2E387E8C9ACC3F611FB0F9 /* Pods_Emporium.framework in Frameworks */ = {isa = PBXBuildFile; fileRef = 9DC51AAC1D5003B687446ECE /* Pods_Emporium.framework */; };
		7F0B387824A26CBA0003B9D9 /* HistoryViewController.swift in Sources */ = {isa = PBXBuildFile; fileRef = 7F0B387724A26CBA0003B9D9 /* HistoryViewController.swift */; };
		7F0B387A24A35FA60003B9D9 /* HistoryCell.swift in Sources */ = {isa = PBXBuildFile; fileRef = 7F0B387924A35FA60003B9D9 /* HistoryCell.swift */; };
		7F0B387C24A3BB0B0003B9D9 /* HistoryDetailViewController.swift in Sources */ = {isa = PBXBuildFile; fileRef = 7F0B387B24A3BB0B0003B9D9 /* HistoryDetailViewController.swift */; };
		7F0B387F24A3C38C0003B9D9 /* HistoryItem.swift in Sources */ = {isa = PBXBuildFile; fileRef = 7F0B387E24A3C38C0003B9D9 /* HistoryItem.swift */; };
		7F0B388124A486830003B9D9 /* HistoryCartCell.swift in Sources */ = {isa = PBXBuildFile; fileRef = 7F0B388024A486830003B9D9 /* HistoryCartCell.swift */; };
		7F0B388424AB3BF20003B9D9 /* cardAni.json in Resources */ = {isa = PBXBuildFile; fileRef = 7F0B388324AB3BF10003B9D9 /* cardAni.json */; };
		7F0B388624ADDA830003B9D9 /* Card.swift in Sources */ = {isa = PBXBuildFile; fileRef = 7F0B388524ADDA830003B9D9 /* Card.swift */; };
		7F0B388824ADE06B0003B9D9 /* CardCell.swift in Sources */ = {isa = PBXBuildFile; fileRef = 7F0B388724ADE06B0003B9D9 /* CardCell.swift */; };
		7F0B388A24AE1C1B0003B9D9 /* cardAni2.json in Resources */ = {isa = PBXBuildFile; fileRef = 7F0B388924AE1C1B0003B9D9 /* cardAni2.json */; };
		7F37652624B9A72F00CC27F3 /* Scan.swift in Sources */ = {isa = PBXBuildFile; fileRef = 7F37652524B9A72F00CC27F3 /* Scan.swift */; };
		7F37652824B9AF5E00CC27F3 /* ScanDetail.swift in Sources */ = {isa = PBXBuildFile; fileRef = 7F37652724B9AF5E00CC27F3 /* ScanDetail.swift */; };
		7F37652E24BDAE8300CC27F3 /* ServerLocation.swift in Sources */ = {isa = PBXBuildFile; fileRef = 7F37652D24BDAE8300CC27F3 /* ServerLocation.swift */; };
		7F37653624BDD10E00CC27F3 /* History.swift in Sources */ = {isa = PBXBuildFile; fileRef = 7F37653524BDD10E00CC27F3 /* History.swift */; };
		7F37653824BEF52700CC27F3 /* HistoryPaymentDetail.swift in Sources */ = {isa = PBXBuildFile; fileRef = 7F37653724BEF52700CC27F3 /* HistoryPaymentDetail.swift */; };
		7F37654024D3FDED00CC27F3 /* ShoppingListViewController.swift in Sources */ = {isa = PBXBuildFile; fileRef = 7F37653F24D3FDED00CC27F3 /* ShoppingListViewController.swift */; };
		7F37654224D3FEF300CC27F3 /* ShoppingList.swift in Sources */ = {isa = PBXBuildFile; fileRef = 7F37654124D3FEF300CC27F3 /* ShoppingList.swift */; };
		7F37654924E569CF00CC27F3 /* CartItem.pb.swift in Sources */ = {isa = PBXBuildFile; fileRef = 7F37654724E569CF00CC27F3 /* CartItem.pb.swift */; };
		7F37654A24E569CF00CC27F3 /* DeliveryOrder.pb.swift in Sources */ = {isa = PBXBuildFile; fileRef = 7F37654824E569CF00CC27F3 /* DeliveryOrder.pb.swift */; };
		7F37654C24E576B600CC27F3 /* SelectAddressViewController.swift in Sources */ = {isa = PBXBuildFile; fileRef = 7F37654B24E576B600CC27F3 /* SelectAddressViewController.swift */; };
		7F52B05324E67CA300DEEAF8 /* VoucherTableViewController.swift in Sources */ = {isa = PBXBuildFile; fileRef = 7F52B05224E67CA300DEEAF8 /* VoucherTableViewController.swift */; };
		7F52B05524E7DF2000DEEAF8 /* BankDetailViewController.swift in Sources */ = {isa = PBXBuildFile; fileRef = 7F52B05424E7DF2000DEEAF8 /* BankDetailViewController.swift */; };
		7FD0263924976FA200BAA2F1 /* Cart.swift in Sources */ = {isa = PBXBuildFile; fileRef = 7FD0263824976FA200BAA2F1 /* Cart.swift */; };
		7FD026422498EE0300BAA2F1 /* ShopDataManager.swift in Sources */ = {isa = PBXBuildFile; fileRef = 7FD026412498EE0300BAA2F1 /* ShopDataManager.swift */; };
		7FD3CD1C249F5E7000C1CD80 /* GatewayViewController.swift in Sources */ = {isa = PBXBuildFile; fileRef = 7FD3CD1B249F5E7000C1CD80 /* GatewayViewController.swift */; };
		AC0A18F424932494009FFD93 /* Notification.swift in Sources */ = {isa = PBXBuildFile; fileRef = AC0A18F324932494009FFD93 /* Notification.swift */; };
		AC0A18F624932628009FFD93 /* NotificationHandler.swift in Sources */ = {isa = PBXBuildFile; fileRef = AC0A18F524932628009FFD93 /* NotificationHandler.swift */; };
		AC0A18F8249336F3009FFD93 /* EmporiumError.swift in Sources */ = {isa = PBXBuildFile; fileRef = AC0A18F7249336F3009FFD93 /* EmporiumError.swift */; };
		AC0A18FA2495EAC4009FFD93 /* NotificationTableView.xib in Resources */ = {isa = PBXBuildFile; fileRef = AC0A18F92495EAC4009FFD93 /* NotificationTableView.xib */; };
		AC0A18FC2495EE8D009FFD93 /* NotificationTableView.swift in Sources */ = {isa = PBXBuildFile; fileRef = AC0A18FB2495EE8D009FFD93 /* NotificationTableView.swift */; };
		AC0A18FE2495F2C5009FFD93 /* EmporiumNotificationViewController.swift in Sources */ = {isa = PBXBuildFile; fileRef = AC0A18FD2495F2C5009FFD93 /* EmporiumNotificationViewController.swift */; };
		AC13E90D249CE84400DA2A7F /* ShopViewController.swift in Sources */ = {isa = PBXBuildFile; fileRef = AC13E90C249CE84400DA2A7F /* ShopViewController.swift */; };
		AC13E90F249CE84D00DA2A7F /* CheckOutViewController.swift in Sources */ = {isa = PBXBuildFile; fileRef = AC13E90E249CE84C00DA2A7F /* CheckOutViewController.swift */; };
		AC18C2EA249CFF270033F4C4 /* VoucherStatus.swift in Sources */ = {isa = PBXBuildFile; fileRef = AC18C2E9249CFF270033F4C4 /* VoucherStatus.swift */; };
		AC21B9D3249767630058EE50 /* Shop.storyboard in Resources */ = {isa = PBXBuildFile; fileRef = AC21B9C9249767630058EE50 /* Shop.storyboard */; };
		AC21B9D6249767630058EE50 /* ProductViewCell.xib in Resources */ = {isa = PBXBuildFile; fileRef = AC21B9CD249767630058EE50 /* ProductViewCell.xib */; };
		AC21B9D7249767630058EE50 /* ProductViewCell.swift in Sources */ = {isa = PBXBuildFile; fileRef = AC21B9CE249767630058EE50 /* ProductViewCell.swift */; };
		AC21B9D8249767630058EE50 /* Product.swift in Sources */ = {isa = PBXBuildFile; fileRef = AC21B9D0249767630058EE50 /* Product.swift */; };
		ACAEE67124A1DC9100C286BF /* Spinner.swift in Sources */ = {isa = PBXBuildFile; fileRef = ACAEE67024A1DC9100C286BF /* Spinner.swift */; };
		ACAEE67424A22CD800C286BF /* CrowdTracking.storyboard in Resources */ = {isa = PBXBuildFile; fileRef = ACAEE67324A22CD800C286BF /* CrowdTracking.storyboard */; };
		ACAEE67824A3016500C286BF /* CrowdTrackingViewController.swift in Sources */ = {isa = PBXBuildFile; fileRef = ACAEE67724A3016500C286BF /* CrowdTrackingViewController.swift */; };
		ACAEE67B24A4223300C286BF /* YOLOv3TinyFP16.mlmodel in Sources */ = {isa = PBXBuildFile; fileRef = ACAEE67A24A4223300C286BF /* YOLOv3TinyFP16.mlmodel */; };
		ACB27A8E24A4A80600DE966B /* YOLOv3Tiny.mlmodel in Sources */ = {isa = PBXBuildFile; fileRef = ACB27A8D24A4A80600DE966B /* YOLOv3Tiny.mlmodel */; };
		ACB27A9524A5D19C00DE966B /* CrowdTrackingDataManager.swift in Sources */ = {isa = PBXBuildFile; fileRef = ACB27A9424A5D19C00DE966B /* CrowdTrackingDataManager.swift */; };
		ACB27A9824A5D34700DE966B /* ChangeVisitorCountStatus.swift in Sources */ = {isa = PBXBuildFile; fileRef = ACB27A9724A5D34700DE966B /* ChangeVisitorCountStatus.swift */; };
		ACD28634249894E200497BD9 /* EmporiumCardButton.xib in Resources */ = {isa = PBXBuildFile; fileRef = ACD28633249894E200497BD9 /* EmporiumCardButton.xib */; };
		ACD286362498950700497BD9 /* EmporiumCardButton.swift in Sources */ = {isa = PBXBuildFile; fileRef = ACD286352498950700497BD9 /* EmporiumCardButton.swift */; };
		ACD286382498F2D100497BD9 /* MyAccountViewController.swift in Sources */ = {isa = PBXBuildFile; fileRef = ACD286372498F2D100497BD9 /* MyAccountViewController.swift */; };
		ACDA8EC2249DE191009887A7 /* MyVouchersTableViewController.swift in Sources */ = {isa = PBXBuildFile; fileRef = ACDA8EC1249DE191009887A7 /* MyVouchersTableViewController.swift */; };
		ACDA8EC6249DE318009887A7 /* MyVoucherTableViewCell.swift in Sources */ = {isa = PBXBuildFile; fileRef = ACDA8EC5249DE317009887A7 /* MyVoucherTableViewCell.swift */; };
		ACDA8EC8249DE97F009887A7 /* MyVoucherBottomSheetViewController.swift in Sources */ = {isa = PBXBuildFile; fileRef = ACDA8EC7249DE97F009887A7 /* MyVoucherBottomSheetViewController.swift */; };
		ACDA8ECA249DEF63009887A7 /* GiftPointsViewController.swift in Sources */ = {isa = PBXBuildFile; fileRef = ACDA8EC9249DEF63009887A7 /* GiftPointsViewController.swift */; };
		ACDA8ECD249DF335009887A7 /* gift-opening-animation.json in Resources */ = {isa = PBXBuildFile; fileRef = ACDA8ECC249DF334009887A7 /* gift-opening-animation.json */; };
		ACDA8ED0249F2BE5009887A7 /* EarnedRewardsDataManager.swift in Sources */ = {isa = PBXBuildFile; fileRef = ACDA8ECF249F2BE5009887A7 /* EarnedRewardsDataManager.swift */; };
		ACDA8ED2249F3000009887A7 /* EarnedReward.swift in Sources */ = {isa = PBXBuildFile; fileRef = ACDA8ED1249F3000009887A7 /* EarnedReward.swift */; };
		ACDA8ED4249F560D009887A7 /* EarnedRewardStatus.swift in Sources */ = {isa = PBXBuildFile; fileRef = ACDA8ED3249F560D009887A7 /* EarnedRewardStatus.swift */; };
		ACED1DE4249B307600094284 /* CartCell.swift in Sources */ = {isa = PBXBuildFile; fileRef = ACED1DE3249B307600094284 /* CartCell.swift */; };
		ACED1DE7249B41BF00094284 /* AccountDataManager.swift in Sources */ = {isa = PBXBuildFile; fileRef = ACED1DE6249B41BF00094284 /* AccountDataManager.swift */; };
		ACED1DEB249B72DF00094284 /* Rewards.storyboard in Resources */ = {isa = PBXBuildFile; fileRef = ACED1DEA249B72DF00094284 /* Rewards.storyboard */; };
		ACED1DED249B8BA200094284 /* VouchersViewController.swift in Sources */ = {isa = PBXBuildFile; fileRef = ACED1DEC249B8BA200094284 /* VouchersViewController.swift */; };
		ACED1DEF249B8C7F00094284 /* VoucherTableViewCell.swift in Sources */ = {isa = PBXBuildFile; fileRef = ACED1DEE249B8C7F00094284 /* VoucherTableViewCell.swift */; };
		ACED1DF2249B8D2E00094284 /* Voucher.swift in Sources */ = {isa = PBXBuildFile; fileRef = ACED1DF1249B8D2E00094284 /* Voucher.swift */; };
		ACED1DF8249B949F00094284 /* VoucherBottomSheetViewController.swift in Sources */ = {isa = PBXBuildFile; fileRef = ACED1DF7249B949F00094284 /* VoucherBottomSheetViewController.swift */; };
		ACED1E01249C64BF00094284 /* VoucherDataManager.swift in Sources */ = {isa = PBXBuildFile; fileRef = ACED1E00249C64BF00094284 /* VoucherDataManager.swift */; };
		ACED1E03249CA19700094284 /* LoginManager.swift in Sources */ = {isa = PBXBuildFile; fileRef = ACED1E02249CA19700094284 /* LoginManager.swift */; };
		ACED1E47249CB64800094284 /* PointDataManager.swift in Sources */ = {isa = PBXBuildFile; fileRef = ACED1E46249CB64800094284 /* PointDataManager.swift */; };
		ED1F17C124BD6BA3007CF9C5 /* QueueStatus.swift in Sources */ = {isa = PBXBuildFile; fileRef = ED1F17C024BD6BA3007CF9C5 /* QueueStatus.swift */; };
		ED1F17C824BEADFF007CF9C5 /* ItemTableViewCell.swift in Sources */ = {isa = PBXBuildFile; fileRef = ED1F17C724BEADFF007CF9C5 /* ItemTableViewCell.swift */; };
		ED57F78924989E8C0013A133 /* NearbyMart.storyboard in Resources */ = {isa = PBXBuildFile; fileRef = ED57F78824989E8C0013A133 /* NearbyMart.storyboard */; };
		ED57F78D2498A0340013A133 /* NearbyMapViewController.swift in Sources */ = {isa = PBXBuildFile; fileRef = ED57F78C2498A0340013A133 /* NearbyMapViewController.swift */; };
		ED57F78F2498AAD60013A133 /* NearbyListViewController.swift in Sources */ = {isa = PBXBuildFile; fileRef = ED57F78E2498AAD60013A133 /* NearbyListViewController.swift */; };
		ED57F792249A01080013A133 /* StoreDataManager.swift in Sources */ = {isa = PBXBuildFile; fileRef = ED57F791249A01080013A133 /* StoreDataManager.swift */; };
		ED57F796249C99B50013A133 /* Queue.storyboard in Resources */ = {isa = PBXBuildFile; fileRef = ED57F795249C99B50013A133 /* Queue.storyboard */; };
		ED57F798249C9DD90013A133 /* QueueViewController.swift in Sources */ = {isa = PBXBuildFile; fileRef = ED57F797249C9DD90013A133 /* QueueViewController.swift */; };
		ED57F79C249CA2380013A133 /* Toast.swift in Sources */ = {isa = PBXBuildFile; fileRef = ED57F79B249CA2380013A133 /* Toast.swift */; };
		ED57F7A124A076C10013A133 /* StoreAnnotation.swift in Sources */ = {isa = PBXBuildFile; fileRef = ED57F7A024A076C10013A133 /* StoreAnnotation.swift */; };
		ED57F7A524A08B6C0013A133 /* wear-mask.json in Resources */ = {isa = PBXBuildFile; fileRef = ED57F7A324A08B6B0013A133 /* wear-mask.json */; };
		ED57F7A624A08B6C0013A133 /* social-distancing.json in Resources */ = {isa = PBXBuildFile; fileRef = ED57F7A424A08B6C0013A133 /* social-distancing.json */; };
		ED57F7A824A1CBE70013A133 /* EntryViewController.swift in Sources */ = {isa = PBXBuildFile; fileRef = ED57F7A724A1CBE70013A133 /* EntryViewController.swift */; };
		ED57F7AC24A1DFC20013A133 /* InStoreViewController.swift in Sources */ = {isa = PBXBuildFile; fileRef = ED57F7AB24A1DFC20013A133 /* InStoreViewController.swift */; };
		ED61104B24A3482C00FFD408 /* shopping-bag.json in Resources */ = {isa = PBXBuildFile; fileRef = ED61104A24A3482C00FFD408 /* shopping-bag.json */; };
		ED61104D24A34A3F00FFD408 /* Cart2.swift in Sources */ = {isa = PBXBuildFile; fileRef = ED61104C24A34A3F00FFD408 /* Cart2.swift */; };
		ED61104F24A34D8800FFD408 /* RequestorsListViewController.swift in Sources */ = {isa = PBXBuildFile; fileRef = ED61104E24A34D8800FFD408 /* RequestorsListViewController.swift */; };
		ED61105124A44BA600FFD408 /* RequestedItem.swift in Sources */ = {isa = PBXBuildFile; fileRef = ED61105024A44BA600FFD408 /* RequestedItem.swift */; };
		ED61105524A4583300FFD408 /* check.json in Resources */ = {isa = PBXBuildFile; fileRef = ED61105324A4583300FFD408 /* check.json */; };
		ED61105624A4583300FFD408 /* cross.json in Resources */ = {isa = PBXBuildFile; fileRef = ED61105424A4583300FFD408 /* cross.json */; };
		ED61105924AD93A500FFD408 /* QueueDataManager.swift in Sources */ = {isa = PBXBuildFile; fileRef = ED61105824AD93A500FFD408 /* QueueDataManager.swift */; };
		ED61105B24B6EBB800FFD408 /* QueueItem.swift in Sources */ = {isa = PBXBuildFile; fileRef = ED61105A24B6EBB800FFD408 /* QueueItem.swift */; };
		ED818D2A24C04B040033F1ED /* MapKit.framework in Frameworks */ = {isa = PBXBuildFile; fileRef = ED818D2924C04B040033F1ED /* MapKit.framework */; };
		EDB46828248DD4B3000DE5F0 /* PlacesAPI.swift in Sources */ = {isa = PBXBuildFile; fileRef = EDB46827248DD4B3000DE5F0 /* PlacesAPI.swift */; };
		EDB4682C248DD57D000DE5F0 /* Data.plist in Resources */ = {isa = PBXBuildFile; fileRef = EDB4682B248DD57D000DE5F0 /* Data.plist */; };
		EDB4682F248DEAA6000DE5F0 /* SwiftyJSON.swift in Sources */ = {isa = PBXBuildFile; fileRef = EDB4682E248DEAA6000DE5F0 /* SwiftyJSON.swift */; };
		EDB46831248DEAF7000DE5F0 /* GroceryStore.swift in Sources */ = {isa = PBXBuildFile; fileRef = EDB46830248DEAF7000DE5F0 /* GroceryStore.swift */; };
		EDD6581C24BFFEE300201B30 /* Delivery.storyboard in Resources */ = {isa = PBXBuildFile; fileRef = EDD6581B24BFFEE300201B30 /* Delivery.storyboard */; };
		EDD6581E24BFFF8700201B30 /* ConfirmationViewController.swift in Sources */ = {isa = PBXBuildFile; fileRef = EDD6581D24BFFF8700201B30 /* ConfirmationViewController.swift */; };
		EDD6582024C0042D00201B30 /* QRManager.swift in Sources */ = {isa = PBXBuildFile; fileRef = EDD6581F24C0042D00201B30 /* QRManager.swift */; };
		EDD6582224C0097700201B30 /* DeliveryDataManager.swift in Sources */ = {isa = PBXBuildFile; fileRef = EDD6582124C0097700201B30 /* DeliveryDataManager.swift */; };
		EDD6582824C030C700201B30 /* QRViewController.swift in Sources */ = {isa = PBXBuildFile; fileRef = EDD6582724C030C700201B30 /* QRViewController.swift */; };
		F2B247F835BC4D954DFE2981 /* Pods_EmporiumTests.framework in Frameworks */ = {isa = PBXBuildFile; fileRef = 89900AD73B612EB5B4C42AC3 /* Pods_EmporiumTests.framework */; };
		FE0BE38824BF5E4D00F9C3FA /* Global.swift in Sources */ = {isa = PBXBuildFile; fileRef = FE0BE38724BF5E4D00F9C3FA /* Global.swift */; };
		FE16498D24C0894B00328F50 /* RewardSegmentedViewController.swift in Sources */ = {isa = PBXBuildFile; fileRef = FE16498C24C0894B00328F50 /* RewardSegmentedViewController.swift */; };
		FE32169024A98875003D1196 /* DisplayCardViewController.swift in Sources */ = {isa = PBXBuildFile; fileRef = FE32168F24A98875003D1196 /* DisplayCardViewController.swift */; };
		FE32169224A98B19003D1196 /* AddCardViewController.swift in Sources */ = {isa = PBXBuildFile; fileRef = FE32169124A98B19003D1196 /* AddCardViewController.swift */; };
		FE56492524C54C890001CA4F /* Direction.swift in Sources */ = {isa = PBXBuildFile; fileRef = FE56492424C54C890001CA4F /* Direction.swift */; };
		FE56B17224B58A71000274A1 /* Alert.swift in Sources */ = {isa = PBXBuildFile; fileRef = FE56B17124B58A71000274A1 /* Alert.swift */; };
		FE56B18724B81A9D000274A1 /* EdgeDetection.swift in Sources */ = {isa = PBXBuildFile; fileRef = FE56B18624B81A9D000274A1 /* EdgeDetection.swift */; };
		FE5AAE582484AE5B0018DA42 /* GoogleService-Info.plist in Resources */ = {isa = PBXBuildFile; fileRef = FE5AAE572484AE5B0018DA42 /* GoogleService-Info.plist */; };
		FE6303CD24AD93E200BF7976 /* EmptyTableViewExtension.swift in Sources */ = {isa = PBXBuildFile; fileRef = FE6303CC24AD93E200BF7976 /* EmptyTableViewExtension.swift */; };
		FE6303CF24AD947A00BF7976 /* EmptyTableView.xib in Resources */ = {isa = PBXBuildFile; fileRef = FE6303CE24AD947A00BF7976 /* EmptyTableView.xib */; };
		FE6303D224AD964600BF7976 /* EmptyTableView.swift in Sources */ = {isa = PBXBuildFile; fileRef = FE6303D124AD964600BF7976 /* EmptyTableView.swift */; };
		FE6303D524ADA48800BF7976 /* empty.json in Resources */ = {isa = PBXBuildFile; fileRef = FE6303D424ADA48800BF7976 /* empty.json */; };
		FE9023552473B9C700CE6B3A /* AppDelegate.swift in Sources */ = {isa = PBXBuildFile; fileRef = FE9023542473B9C700CE6B3A /* AppDelegate.swift */; };
		FE9023572473B9C700CE6B3A /* SceneDelegate.swift in Sources */ = {isa = PBXBuildFile; fileRef = FE9023562473B9C700CE6B3A /* SceneDelegate.swift */; };
		FE9023592473B9C700CE6B3A /* MainViewController.swift in Sources */ = {isa = PBXBuildFile; fileRef = FE9023582473B9C700CE6B3A /* MainViewController.swift */; };
		FE90235C2473B9C700CE6B3A /* Main.storyboard in Resources */ = {isa = PBXBuildFile; fileRef = FE90235A2473B9C700CE6B3A /* Main.storyboard */; };
		FE90235F2473B9C700CE6B3A /* Emporium.xcdatamodeld in Sources */ = {isa = PBXBuildFile; fileRef = FE90235D2473B9C700CE6B3A /* Emporium.xcdatamodeld */; };
		FE9023612473B9C900CE6B3A /* Assets.xcassets in Resources */ = {isa = PBXBuildFile; fileRef = FE9023602473B9C900CE6B3A /* Assets.xcassets */; };
		FE9023642473B9C900CE6B3A /* LaunchScreen.storyboard in Resources */ = {isa = PBXBuildFile; fileRef = FE9023622473B9C900CE6B3A /* LaunchScreen.storyboard */; };
		FE90236F2473B9C900CE6B3A /* EmporiumTests.swift in Sources */ = {isa = PBXBuildFile; fileRef = FE90236E2473B9C900CE6B3A /* EmporiumTests.swift */; };
		FE90237A2473B9C900CE6B3A /* EmporiumUITests.swift in Sources */ = {isa = PBXBuildFile; fileRef = FE9023792473B9C900CE6B3A /* EmporiumUITests.swift */; };
		FEB741BD24CBFD4300512C73 /* OrderManager.swift in Sources */ = {isa = PBXBuildFile; fileRef = FEB741BC24CBFD4300512C73 /* OrderManager.swift */; };
		FEB741BF24CE762800512C73 /* AddressTableViewController.swift in Sources */ = {isa = PBXBuildFile; fileRef = FEB741BE24CE762800512C73 /* AddressTableViewController.swift */; };
		FEB741C124CE770000512C73 /* Address.swift in Sources */ = {isa = PBXBuildFile; fileRef = FEB741C024CE770000512C73 /* Address.swift */; };
		FEB741C324CE7CD900512C73 /* GeocoderHelper.swift in Sources */ = {isa = PBXBuildFile; fileRef = FEB741C224CE7CD900512C73 /* GeocoderHelper.swift */; };
		FEE5538224D4143200472C57 /* AddressTableViewCell.swift in Sources */ = {isa = PBXBuildFile; fileRef = FEE5538124D4143200472C57 /* AddressTableViewCell.swift */; };
		FEE5538424D41A6A00472C57 /* AddOrEditAddressViewController.swift in Sources */ = {isa = PBXBuildFile; fileRef = FEE5538324D41A6A00472C57 /* AddOrEditAddressViewController.swift */; };
/* End PBXBuildFile section */

/* Begin PBXContainerItemProxy section */
		FE90236B2473B9C900CE6B3A /* PBXContainerItemProxy */ = {
			isa = PBXContainerItemProxy;
			containerPortal = FE9023492473B9C700CE6B3A /* Project object */;
			proxyType = 1;
			remoteGlobalIDString = FE9023502473B9C700CE6B3A;
			remoteInfo = Emporium;
		};
		FE9023762473B9C900CE6B3A /* PBXContainerItemProxy */ = {
			isa = PBXContainerItemProxy;
			containerPortal = FE9023492473B9C700CE6B3A /* Project object */;
			proxyType = 1;
			remoteGlobalIDString = FE9023502473B9C700CE6B3A;
			remoteInfo = Emporium;
		};
/* End PBXContainerItemProxy section */

/* Begin PBXFileReference section */
		032A23C71ADA721B83CE2895 /* Pods-Emporium.release.xcconfig */ = {isa = PBXFileReference; includeInIndex = 1; lastKnownFileType = text.xcconfig; name = "Pods-Emporium.release.xcconfig"; path = "Target Support Files/Pods-Emporium/Pods-Emporium.release.xcconfig"; sourceTree = "<group>"; };
		0E29FA4271D2B1A5BFDF0B9A /* Pods-EmporiumTests.release.xcconfig */ = {isa = PBXFileReference; includeInIndex = 1; lastKnownFileType = text.xcconfig; name = "Pods-EmporiumTests.release.xcconfig"; path = "Target Support Files/Pods-EmporiumTests/Pods-EmporiumTests.release.xcconfig"; sourceTree = "<group>"; };
		343CA41124CE69A400BF7F95 /* delivery-complete.json */ = {isa = PBXFileReference; fileEncoding = 4; lastKnownFileType = text.json; path = "delivery-complete.json"; sourceTree = "<group>"; };
		343CA41324CE87C400BF7F95 /* LocalNotificationHelper.swift */ = {isa = PBXFileReference; lastKnownFileType = sourcecode.swift; path = LocalNotificationHelper.swift; sourceTree = "<group>"; };
		34A74EEC24BBFC1100A03EBD /* Plist.swift */ = {isa = PBXFileReference; lastKnownFileType = sourcecode.swift; path = Plist.swift; sourceTree = "<group>"; };
		34A7BEB924C5418400FEF0BA /* StoreCreator.storyboard */ = {isa = PBXFileReference; lastKnownFileType = file.storyboard; path = StoreCreator.storyboard; sourceTree = "<group>"; };
		34A7BEBB24C5430A00FEF0BA /* StoreListViewController.swift */ = {isa = PBXFileReference; lastKnownFileType = sourcecode.swift; path = StoreListViewController.swift; sourceTree = "<group>"; };
		34A7BEBD24C5566800FEF0BA /* AddStoreViewController.swift */ = {isa = PBXFileReference; lastKnownFileType = sourcecode.swift; path = AddStoreViewController.swift; sourceTree = "<group>"; };
		34B0519924CA791400C90A33 /* StoreSelectViewController.swift */ = {isa = PBXFileReference; lastKnownFileType = sourcecode.swift; path = StoreSelectViewController.swift; sourceTree = "<group>"; };
		34B31A8B24BBECF100459A57 /* ListenerManager.swift */ = {isa = PBXFileReference; lastKnownFileType = sourcecode.swift; path = ListenerManager.swift; sourceTree = "<group>"; };
		34C6E02624A9924400F864B2 /* GroceryStoresTableViewController.swift */ = {isa = PBXFileReference; lastKnownFileType = sourcecode.swift; path = GroceryStoresTableViewController.swift; sourceTree = "<group>"; };
		40427A950A4BD24653498EAF /* Pods-Emporium-EmporiumUITests.release.xcconfig */ = {isa = PBXFileReference; includeInIndex = 1; lastKnownFileType = text.xcconfig; name = "Pods-Emporium-EmporiumUITests.release.xcconfig"; path = "Target Support Files/Pods-Emporium-EmporiumUITests/Pods-Emporium-EmporiumUITests.release.xcconfig"; sourceTree = "<group>"; };
		46DB19238A4DD518573ED7C6 /* Pods-Emporium.debug.xcconfig */ = {isa = PBXFileReference; includeInIndex = 1; lastKnownFileType = text.xcconfig; name = "Pods-Emporium.debug.xcconfig"; path = "Target Support Files/Pods-Emporium/Pods-Emporium.debug.xcconfig"; sourceTree = "<group>"; };
		70BED74BBB422086FC29546B /* Pods_Emporium_EmporiumUITests.framework */ = {isa = PBXFileReference; explicitFileType = wrapper.framework; includeInIndex = 0; path = Pods_Emporium_EmporiumUITests.framework; sourceTree = BUILT_PRODUCTS_DIR; };
		7F0B387724A26CBA0003B9D9 /* HistoryViewController.swift */ = {isa = PBXFileReference; lastKnownFileType = sourcecode.swift; path = HistoryViewController.swift; sourceTree = "<group>"; };
		7F0B387924A35FA60003B9D9 /* HistoryCell.swift */ = {isa = PBXFileReference; lastKnownFileType = sourcecode.swift; path = HistoryCell.swift; sourceTree = "<group>"; };
		7F0B387B24A3BB0B0003B9D9 /* HistoryDetailViewController.swift */ = {isa = PBXFileReference; lastKnownFileType = sourcecode.swift; path = HistoryDetailViewController.swift; sourceTree = "<group>"; };
		7F0B387E24A3C38C0003B9D9 /* HistoryItem.swift */ = {isa = PBXFileReference; lastKnownFileType = sourcecode.swift; path = HistoryItem.swift; sourceTree = "<group>"; };
		7F0B388024A486830003B9D9 /* HistoryCartCell.swift */ = {isa = PBXFileReference; lastKnownFileType = sourcecode.swift; path = HistoryCartCell.swift; sourceTree = "<group>"; };
		7F0B388324AB3BF10003B9D9 /* cardAni.json */ = {isa = PBXFileReference; fileEncoding = 4; lastKnownFileType = text.json; path = cardAni.json; sourceTree = "<group>"; };
		7F0B388524ADDA830003B9D9 /* Card.swift */ = {isa = PBXFileReference; lastKnownFileType = sourcecode.swift; path = Card.swift; sourceTree = "<group>"; };
		7F0B388724ADE06B0003B9D9 /* CardCell.swift */ = {isa = PBXFileReference; lastKnownFileType = sourcecode.swift; path = CardCell.swift; sourceTree = "<group>"; };
		7F0B388924AE1C1B0003B9D9 /* cardAni2.json */ = {isa = PBXFileReference; fileEncoding = 4; lastKnownFileType = text.json; path = cardAni2.json; sourceTree = "<group>"; };
		7F37652524B9A72F00CC27F3 /* Scan.swift */ = {isa = PBXFileReference; lastKnownFileType = sourcecode.swift; path = Scan.swift; sourceTree = "<group>"; };
		7F37652724B9AF5E00CC27F3 /* ScanDetail.swift */ = {isa = PBXFileReference; lastKnownFileType = sourcecode.swift; path = ScanDetail.swift; sourceTree = "<group>"; };
		7F37652D24BDAE8300CC27F3 /* ServerLocation.swift */ = {isa = PBXFileReference; lastKnownFileType = sourcecode.swift; path = ServerLocation.swift; sourceTree = "<group>"; };
		7F37653524BDD10E00CC27F3 /* History.swift */ = {isa = PBXFileReference; lastKnownFileType = sourcecode.swift; path = History.swift; sourceTree = "<group>"; };
		7F37653724BEF52700CC27F3 /* HistoryPaymentDetail.swift */ = {isa = PBXFileReference; lastKnownFileType = sourcecode.swift; path = HistoryPaymentDetail.swift; sourceTree = "<group>"; };
		7F37653F24D3FDED00CC27F3 /* ShoppingListViewController.swift */ = {isa = PBXFileReference; lastKnownFileType = sourcecode.swift; path = ShoppingListViewController.swift; sourceTree = "<group>"; };
		7F37654124D3FEF300CC27F3 /* ShoppingList.swift */ = {isa = PBXFileReference; lastKnownFileType = sourcecode.swift; path = ShoppingList.swift; sourceTree = "<group>"; };
		7F37654724E569CF00CC27F3 /* CartItem.pb.swift */ = {isa = PBXFileReference; fileEncoding = 4; lastKnownFileType = sourcecode.swift; path = CartItem.pb.swift; sourceTree = "<group>"; };
		7F37654824E569CF00CC27F3 /* DeliveryOrder.pb.swift */ = {isa = PBXFileReference; fileEncoding = 4; lastKnownFileType = sourcecode.swift; path = DeliveryOrder.pb.swift; sourceTree = "<group>"; };
		7F37654B24E576B600CC27F3 /* SelectAddressViewController.swift */ = {isa = PBXFileReference; lastKnownFileType = sourcecode.swift; path = SelectAddressViewController.swift; sourceTree = "<group>"; };
		7F52B05224E67CA300DEEAF8 /* VoucherTableViewController.swift */ = {isa = PBXFileReference; lastKnownFileType = sourcecode.swift; path = VoucherTableViewController.swift; sourceTree = "<group>"; };
		7F52B05424E7DF2000DEEAF8 /* BankDetailViewController.swift */ = {isa = PBXFileReference; lastKnownFileType = sourcecode.swift; path = BankDetailViewController.swift; sourceTree = "<group>"; };
		7FD0263824976FA200BAA2F1 /* Cart.swift */ = {isa = PBXFileReference; fileEncoding = 4; lastKnownFileType = sourcecode.swift; path = Cart.swift; sourceTree = "<group>"; };
		7FD026412498EE0300BAA2F1 /* ShopDataManager.swift */ = {isa = PBXFileReference; lastKnownFileType = sourcecode.swift; path = ShopDataManager.swift; sourceTree = "<group>"; };
		7FD3CD1B249F5E7000C1CD80 /* GatewayViewController.swift */ = {isa = PBXFileReference; lastKnownFileType = sourcecode.swift; path = GatewayViewController.swift; sourceTree = "<group>"; };
		813AD4276652AACA02B6DCC2 /* Pods-EmporiumTests.debug.xcconfig */ = {isa = PBXFileReference; includeInIndex = 1; lastKnownFileType = text.xcconfig; name = "Pods-EmporiumTests.debug.xcconfig"; path = "Target Support Files/Pods-EmporiumTests/Pods-EmporiumTests.debug.xcconfig"; sourceTree = "<group>"; };
		89900AD73B612EB5B4C42AC3 /* Pods_EmporiumTests.framework */ = {isa = PBXFileReference; explicitFileType = wrapper.framework; includeInIndex = 0; path = Pods_EmporiumTests.framework; sourceTree = BUILT_PRODUCTS_DIR; };
		9DC51AAC1D5003B687446ECE /* Pods_Emporium.framework */ = {isa = PBXFileReference; explicitFileType = wrapper.framework; includeInIndex = 0; path = Pods_Emporium.framework; sourceTree = BUILT_PRODUCTS_DIR; };
		AC0A18F324932494009FFD93 /* Notification.swift */ = {isa = PBXFileReference; lastKnownFileType = sourcecode.swift; path = Notification.swift; sourceTree = "<group>"; };
		AC0A18F524932628009FFD93 /* NotificationHandler.swift */ = {isa = PBXFileReference; lastKnownFileType = sourcecode.swift; path = NotificationHandler.swift; sourceTree = "<group>"; };
		AC0A18F7249336F3009FFD93 /* EmporiumError.swift */ = {isa = PBXFileReference; lastKnownFileType = sourcecode.swift; path = EmporiumError.swift; sourceTree = "<group>"; };
		AC0A18F92495EAC4009FFD93 /* NotificationTableView.xib */ = {isa = PBXFileReference; lastKnownFileType = file.xib; path = NotificationTableView.xib; sourceTree = "<group>"; };
		AC0A18FB2495EE8D009FFD93 /* NotificationTableView.swift */ = {isa = PBXFileReference; lastKnownFileType = sourcecode.swift; path = NotificationTableView.swift; sourceTree = "<group>"; };
		AC0A18FD2495F2C5009FFD93 /* EmporiumNotificationViewController.swift */ = {isa = PBXFileReference; lastKnownFileType = sourcecode.swift; path = EmporiumNotificationViewController.swift; sourceTree = "<group>"; };
		AC13E90C249CE84400DA2A7F /* ShopViewController.swift */ = {isa = PBXFileReference; fileEncoding = 4; lastKnownFileType = sourcecode.swift; path = ShopViewController.swift; sourceTree = "<group>"; };
		AC13E90E249CE84C00DA2A7F /* CheckOutViewController.swift */ = {isa = PBXFileReference; fileEncoding = 4; lastKnownFileType = sourcecode.swift; path = CheckOutViewController.swift; sourceTree = "<group>"; };
		AC18C2E9249CFF270033F4C4 /* VoucherStatus.swift */ = {isa = PBXFileReference; lastKnownFileType = sourcecode.swift; path = VoucherStatus.swift; sourceTree = "<group>"; };
		AC21B9C9249767630058EE50 /* Shop.storyboard */ = {isa = PBXFileReference; fileEncoding = 4; lastKnownFileType = file.storyboard; path = Shop.storyboard; sourceTree = "<group>"; };
		AC21B9CD249767630058EE50 /* ProductViewCell.xib */ = {isa = PBXFileReference; fileEncoding = 4; lastKnownFileType = file.xib; path = ProductViewCell.xib; sourceTree = "<group>"; };
		AC21B9CE249767630058EE50 /* ProductViewCell.swift */ = {isa = PBXFileReference; fileEncoding = 4; lastKnownFileType = sourcecode.swift; path = ProductViewCell.swift; sourceTree = "<group>"; };
		AC21B9D0249767630058EE50 /* Product.swift */ = {isa = PBXFileReference; fileEncoding = 4; lastKnownFileType = sourcecode.swift; path = Product.swift; sourceTree = "<group>"; };
		ACAEE67024A1DC9100C286BF /* Spinner.swift */ = {isa = PBXFileReference; lastKnownFileType = sourcecode.swift; path = Spinner.swift; sourceTree = "<group>"; };
		ACAEE67324A22CD800C286BF /* CrowdTracking.storyboard */ = {isa = PBXFileReference; lastKnownFileType = file.storyboard; path = CrowdTracking.storyboard; sourceTree = "<group>"; };
		ACAEE67724A3016500C286BF /* CrowdTrackingViewController.swift */ = {isa = PBXFileReference; lastKnownFileType = sourcecode.swift; path = CrowdTrackingViewController.swift; sourceTree = "<group>"; };
		ACAEE67A24A4223300C286BF /* YOLOv3TinyFP16.mlmodel */ = {isa = PBXFileReference; lastKnownFileType = file.mlmodel; path = YOLOv3TinyFP16.mlmodel; sourceTree = "<group>"; };
		ACB27A8D24A4A80600DE966B /* YOLOv3Tiny.mlmodel */ = {isa = PBXFileReference; lastKnownFileType = file.mlmodel; path = YOLOv3Tiny.mlmodel; sourceTree = "<group>"; };
		ACB27A9424A5D19C00DE966B /* CrowdTrackingDataManager.swift */ = {isa = PBXFileReference; lastKnownFileType = sourcecode.swift; path = CrowdTrackingDataManager.swift; sourceTree = "<group>"; };
		ACB27A9724A5D34700DE966B /* ChangeVisitorCountStatus.swift */ = {isa = PBXFileReference; lastKnownFileType = sourcecode.swift; path = ChangeVisitorCountStatus.swift; sourceTree = "<group>"; };
		ACD28633249894E200497BD9 /* EmporiumCardButton.xib */ = {isa = PBXFileReference; lastKnownFileType = file.xib; path = EmporiumCardButton.xib; sourceTree = "<group>"; };
		ACD286352498950700497BD9 /* EmporiumCardButton.swift */ = {isa = PBXFileReference; lastKnownFileType = sourcecode.swift; path = EmporiumCardButton.swift; sourceTree = "<group>"; };
		ACD286372498F2D100497BD9 /* MyAccountViewController.swift */ = {isa = PBXFileReference; lastKnownFileType = sourcecode.swift; path = MyAccountViewController.swift; sourceTree = "<group>"; };
		ACDA8EC1249DE191009887A7 /* MyVouchersTableViewController.swift */ = {isa = PBXFileReference; lastKnownFileType = sourcecode.swift; path = MyVouchersTableViewController.swift; sourceTree = "<group>"; };
		ACDA8EC5249DE317009887A7 /* MyVoucherTableViewCell.swift */ = {isa = PBXFileReference; fileEncoding = 4; lastKnownFileType = sourcecode.swift; path = MyVoucherTableViewCell.swift; sourceTree = "<group>"; };
		ACDA8EC7249DE97F009887A7 /* MyVoucherBottomSheetViewController.swift */ = {isa = PBXFileReference; fileEncoding = 4; lastKnownFileType = sourcecode.swift; path = MyVoucherBottomSheetViewController.swift; sourceTree = "<group>"; };
		ACDA8EC9249DEF63009887A7 /* GiftPointsViewController.swift */ = {isa = PBXFileReference; lastKnownFileType = sourcecode.swift; path = GiftPointsViewController.swift; sourceTree = "<group>"; };
		ACDA8ECC249DF334009887A7 /* gift-opening-animation.json */ = {isa = PBXFileReference; fileEncoding = 4; lastKnownFileType = text.json; path = "gift-opening-animation.json"; sourceTree = "<group>"; };
		ACDA8ECF249F2BE5009887A7 /* EarnedRewardsDataManager.swift */ = {isa = PBXFileReference; lastKnownFileType = sourcecode.swift; path = EarnedRewardsDataManager.swift; sourceTree = "<group>"; };
		ACDA8ED1249F3000009887A7 /* EarnedReward.swift */ = {isa = PBXFileReference; lastKnownFileType = sourcecode.swift; path = EarnedReward.swift; sourceTree = "<group>"; };
		ACDA8ED3249F560D009887A7 /* EarnedRewardStatus.swift */ = {isa = PBXFileReference; lastKnownFileType = sourcecode.swift; path = EarnedRewardStatus.swift; sourceTree = "<group>"; };
		ACED1DE3249B307600094284 /* CartCell.swift */ = {isa = PBXFileReference; lastKnownFileType = sourcecode.swift; path = CartCell.swift; sourceTree = "<group>"; };
		ACED1DE6249B41BF00094284 /* AccountDataManager.swift */ = {isa = PBXFileReference; lastKnownFileType = sourcecode.swift; path = AccountDataManager.swift; sourceTree = "<group>"; };
		ACED1DEA249B72DF00094284 /* Rewards.storyboard */ = {isa = PBXFileReference; lastKnownFileType = file.storyboard; path = Rewards.storyboard; sourceTree = "<group>"; };
		ACED1DEC249B8BA200094284 /* VouchersViewController.swift */ = {isa = PBXFileReference; lastKnownFileType = sourcecode.swift; path = VouchersViewController.swift; sourceTree = "<group>"; };
		ACED1DEE249B8C7F00094284 /* VoucherTableViewCell.swift */ = {isa = PBXFileReference; lastKnownFileType = sourcecode.swift; path = VoucherTableViewCell.swift; sourceTree = "<group>"; };
		ACED1DF1249B8D2E00094284 /* Voucher.swift */ = {isa = PBXFileReference; lastKnownFileType = sourcecode.swift; path = Voucher.swift; sourceTree = "<group>"; };
		ACED1DF7249B949F00094284 /* VoucherBottomSheetViewController.swift */ = {isa = PBXFileReference; lastKnownFileType = sourcecode.swift; path = VoucherBottomSheetViewController.swift; sourceTree = "<group>"; };
		ACED1E00249C64BF00094284 /* VoucherDataManager.swift */ = {isa = PBXFileReference; lastKnownFileType = sourcecode.swift; path = VoucherDataManager.swift; sourceTree = "<group>"; };
		ACED1E02249CA19700094284 /* LoginManager.swift */ = {isa = PBXFileReference; lastKnownFileType = sourcecode.swift; path = LoginManager.swift; sourceTree = "<group>"; };
		ACED1E46249CB64800094284 /* PointDataManager.swift */ = {isa = PBXFileReference; lastKnownFileType = sourcecode.swift; path = PointDataManager.swift; sourceTree = "<group>"; };
		B9D0F497670E64545D59F2DA /* Pods-Emporium-EmporiumUITests.debug.xcconfig */ = {isa = PBXFileReference; includeInIndex = 1; lastKnownFileType = text.xcconfig; name = "Pods-Emporium-EmporiumUITests.debug.xcconfig"; path = "Target Support Files/Pods-Emporium-EmporiumUITests/Pods-Emporium-EmporiumUITests.debug.xcconfig"; sourceTree = "<group>"; };
		ED1F17C024BD6BA3007CF9C5 /* QueueStatus.swift */ = {isa = PBXFileReference; lastKnownFileType = sourcecode.swift; path = QueueStatus.swift; sourceTree = "<group>"; };
		ED1F17C724BEADFF007CF9C5 /* ItemTableViewCell.swift */ = {isa = PBXFileReference; lastKnownFileType = sourcecode.swift; path = ItemTableViewCell.swift; sourceTree = "<group>"; };
		ED57F78824989E8C0013A133 /* NearbyMart.storyboard */ = {isa = PBXFileReference; lastKnownFileType = file.storyboard; path = NearbyMart.storyboard; sourceTree = "<group>"; };
		ED57F78C2498A0340013A133 /* NearbyMapViewController.swift */ = {isa = PBXFileReference; lastKnownFileType = sourcecode.swift; path = NearbyMapViewController.swift; sourceTree = "<group>"; };
		ED57F78E2498AAD60013A133 /* NearbyListViewController.swift */ = {isa = PBXFileReference; lastKnownFileType = sourcecode.swift; path = NearbyListViewController.swift; sourceTree = "<group>"; };
		ED57F791249A01080013A133 /* StoreDataManager.swift */ = {isa = PBXFileReference; lastKnownFileType = sourcecode.swift; path = StoreDataManager.swift; sourceTree = "<group>"; };
		ED57F795249C99B50013A133 /* Queue.storyboard */ = {isa = PBXFileReference; lastKnownFileType = file.storyboard; path = Queue.storyboard; sourceTree = "<group>"; };
		ED57F797249C9DD90013A133 /* QueueViewController.swift */ = {isa = PBXFileReference; lastKnownFileType = sourcecode.swift; path = QueueViewController.swift; sourceTree = "<group>"; };
		ED57F79B249CA2380013A133 /* Toast.swift */ = {isa = PBXFileReference; lastKnownFileType = sourcecode.swift; path = Toast.swift; sourceTree = "<group>"; };
		ED57F7A024A076C10013A133 /* StoreAnnotation.swift */ = {isa = PBXFileReference; lastKnownFileType = sourcecode.swift; path = StoreAnnotation.swift; sourceTree = "<group>"; };
		ED57F7A324A08B6B0013A133 /* wear-mask.json */ = {isa = PBXFileReference; fileEncoding = 4; lastKnownFileType = text.json; path = "wear-mask.json"; sourceTree = "<group>"; };
		ED57F7A424A08B6C0013A133 /* social-distancing.json */ = {isa = PBXFileReference; fileEncoding = 4; lastKnownFileType = text.json; path = "social-distancing.json"; sourceTree = "<group>"; };
		ED57F7A724A1CBE70013A133 /* EntryViewController.swift */ = {isa = PBXFileReference; lastKnownFileType = sourcecode.swift; path = EntryViewController.swift; sourceTree = "<group>"; };
		ED57F7AB24A1DFC20013A133 /* InStoreViewController.swift */ = {isa = PBXFileReference; lastKnownFileType = sourcecode.swift; path = InStoreViewController.swift; sourceTree = "<group>"; };
		ED61104A24A3482C00FFD408 /* shopping-bag.json */ = {isa = PBXFileReference; fileEncoding = 4; lastKnownFileType = text.json; path = "shopping-bag.json"; sourceTree = "<group>"; };
		ED61104C24A34A3F00FFD408 /* Cart2.swift */ = {isa = PBXFileReference; lastKnownFileType = sourcecode.swift; path = Cart2.swift; sourceTree = "<group>"; };
		ED61104E24A34D8800FFD408 /* RequestorsListViewController.swift */ = {isa = PBXFileReference; lastKnownFileType = sourcecode.swift; path = RequestorsListViewController.swift; sourceTree = "<group>"; };
		ED61105024A44BA600FFD408 /* RequestedItem.swift */ = {isa = PBXFileReference; lastKnownFileType = sourcecode.swift; path = RequestedItem.swift; sourceTree = "<group>"; };
		ED61105324A4583300FFD408 /* check.json */ = {isa = PBXFileReference; fileEncoding = 4; lastKnownFileType = text.json; path = check.json; sourceTree = "<group>"; };
		ED61105424A4583300FFD408 /* cross.json */ = {isa = PBXFileReference; fileEncoding = 4; lastKnownFileType = text.json; path = cross.json; sourceTree = "<group>"; };
		ED61105824AD93A500FFD408 /* QueueDataManager.swift */ = {isa = PBXFileReference; lastKnownFileType = sourcecode.swift; path = QueueDataManager.swift; sourceTree = "<group>"; };
		ED61105A24B6EBB800FFD408 /* QueueItem.swift */ = {isa = PBXFileReference; lastKnownFileType = sourcecode.swift; path = QueueItem.swift; sourceTree = "<group>"; };
		ED818D2924C04B040033F1ED /* MapKit.framework */ = {isa = PBXFileReference; lastKnownFileType = wrapper.framework; name = MapKit.framework; path = System/Library/Frameworks/MapKit.framework; sourceTree = SDKROOT; };
		EDB46827248DD4B3000DE5F0 /* PlacesAPI.swift */ = {isa = PBXFileReference; lastKnownFileType = sourcecode.swift; path = PlacesAPI.swift; sourceTree = "<group>"; };
		EDB4682B248DD57D000DE5F0 /* Data.plist */ = {isa = PBXFileReference; lastKnownFileType = text.plist.xml; path = Data.plist; sourceTree = "<group>"; };
		EDB4682E248DEAA6000DE5F0 /* SwiftyJSON.swift */ = {isa = PBXFileReference; fileEncoding = 4; lastKnownFileType = sourcecode.swift; path = SwiftyJSON.swift; sourceTree = "<group>"; };
		EDB46830248DEAF7000DE5F0 /* GroceryStore.swift */ = {isa = PBXFileReference; lastKnownFileType = sourcecode.swift; path = GroceryStore.swift; sourceTree = "<group>"; };
		EDD6581B24BFFEE300201B30 /* Delivery.storyboard */ = {isa = PBXFileReference; lastKnownFileType = file.storyboard; path = Delivery.storyboard; sourceTree = "<group>"; };
		EDD6581D24BFFF8700201B30 /* ConfirmationViewController.swift */ = {isa = PBXFileReference; lastKnownFileType = sourcecode.swift; path = ConfirmationViewController.swift; sourceTree = "<group>"; };
		EDD6581F24C0042D00201B30 /* QRManager.swift */ = {isa = PBXFileReference; lastKnownFileType = sourcecode.swift; path = QRManager.swift; sourceTree = "<group>"; };
		EDD6582124C0097700201B30 /* DeliveryDataManager.swift */ = {isa = PBXFileReference; lastKnownFileType = sourcecode.swift; path = DeliveryDataManager.swift; sourceTree = "<group>"; };
		EDD6582724C030C700201B30 /* QRViewController.swift */ = {isa = PBXFileReference; lastKnownFileType = sourcecode.swift; path = QRViewController.swift; sourceTree = "<group>"; };
		FE0BE38724BF5E4D00F9C3FA /* Global.swift */ = {isa = PBXFileReference; fileEncoding = 4; lastKnownFileType = sourcecode.swift; path = Global.swift; sourceTree = "<group>"; };
		FE16498C24C0894B00328F50 /* RewardSegmentedViewController.swift */ = {isa = PBXFileReference; lastKnownFileType = sourcecode.swift; path = RewardSegmentedViewController.swift; sourceTree = "<group>"; };
		FE32168F24A98875003D1196 /* DisplayCardViewController.swift */ = {isa = PBXFileReference; lastKnownFileType = sourcecode.swift; path = DisplayCardViewController.swift; sourceTree = "<group>"; };
		FE32169124A98B19003D1196 /* AddCardViewController.swift */ = {isa = PBXFileReference; lastKnownFileType = sourcecode.swift; path = AddCardViewController.swift; sourceTree = "<group>"; };
		FE56492424C54C890001CA4F /* Direction.swift */ = {isa = PBXFileReference; lastKnownFileType = sourcecode.swift; path = Direction.swift; sourceTree = "<group>"; };
		FE56B17124B58A71000274A1 /* Alert.swift */ = {isa = PBXFileReference; lastKnownFileType = sourcecode.swift; path = Alert.swift; sourceTree = "<group>"; };
		FE56B18624B81A9D000274A1 /* EdgeDetection.swift */ = {isa = PBXFileReference; lastKnownFileType = sourcecode.swift; path = EdgeDetection.swift; sourceTree = "<group>"; };
		FE5AAE572484AE5B0018DA42 /* GoogleService-Info.plist */ = {isa = PBXFileReference; fileEncoding = 4; lastKnownFileType = text.plist.xml; path = "GoogleService-Info.plist"; sourceTree = "<group>"; };
		FE6303CC24AD93E200BF7976 /* EmptyTableViewExtension.swift */ = {isa = PBXFileReference; lastKnownFileType = sourcecode.swift; path = EmptyTableViewExtension.swift; sourceTree = "<group>"; };
		FE6303CE24AD947A00BF7976 /* EmptyTableView.xib */ = {isa = PBXFileReference; lastKnownFileType = file.xib; path = EmptyTableView.xib; sourceTree = "<group>"; };
		FE6303D124AD964600BF7976 /* EmptyTableView.swift */ = {isa = PBXFileReference; lastKnownFileType = sourcecode.swift; path = EmptyTableView.swift; sourceTree = "<group>"; };
		FE6303D424ADA48800BF7976 /* empty.json */ = {isa = PBXFileReference; fileEncoding = 4; lastKnownFileType = text.json; path = empty.json; sourceTree = "<group>"; };
		FE9023512473B9C700CE6B3A /* Emporium.app */ = {isa = PBXFileReference; explicitFileType = wrapper.application; includeInIndex = 0; path = Emporium.app; sourceTree = BUILT_PRODUCTS_DIR; };
		FE9023542473B9C700CE6B3A /* AppDelegate.swift */ = {isa = PBXFileReference; lastKnownFileType = sourcecode.swift; path = AppDelegate.swift; sourceTree = "<group>"; };
		FE9023562473B9C700CE6B3A /* SceneDelegate.swift */ = {isa = PBXFileReference; lastKnownFileType = sourcecode.swift; path = SceneDelegate.swift; sourceTree = "<group>"; };
		FE9023582473B9C700CE6B3A /* MainViewController.swift */ = {isa = PBXFileReference; lastKnownFileType = sourcecode.swift; path = MainViewController.swift; sourceTree = "<group>"; };
		FE90235B2473B9C700CE6B3A /* Base */ = {isa = PBXFileReference; lastKnownFileType = file.storyboard; name = Base; path = Base.lproj/Main.storyboard; sourceTree = "<group>"; };
		FE90235E2473B9C700CE6B3A /* Emporium.xcdatamodel */ = {isa = PBXFileReference; lastKnownFileType = wrapper.xcdatamodel; path = Emporium.xcdatamodel; sourceTree = "<group>"; };
		FE9023602473B9C900CE6B3A /* Assets.xcassets */ = {isa = PBXFileReference; lastKnownFileType = folder.assetcatalog; path = Assets.xcassets; sourceTree = "<group>"; };
		FE9023632473B9C900CE6B3A /* Base */ = {isa = PBXFileReference; lastKnownFileType = file.storyboard; name = Base; path = Base.lproj/LaunchScreen.storyboard; sourceTree = "<group>"; };
		FE9023652473B9C900CE6B3A /* Info.plist */ = {isa = PBXFileReference; lastKnownFileType = text.plist.xml; path = Info.plist; sourceTree = "<group>"; };
		FE90236A2473B9C900CE6B3A /* EmporiumTests.xctest */ = {isa = PBXFileReference; explicitFileType = wrapper.cfbundle; includeInIndex = 0; path = EmporiumTests.xctest; sourceTree = BUILT_PRODUCTS_DIR; };
		FE90236E2473B9C900CE6B3A /* EmporiumTests.swift */ = {isa = PBXFileReference; lastKnownFileType = sourcecode.swift; path = EmporiumTests.swift; sourceTree = "<group>"; };
		FE9023702473B9C900CE6B3A /* Info.plist */ = {isa = PBXFileReference; lastKnownFileType = text.plist.xml; path = Info.plist; sourceTree = "<group>"; };
		FE9023752473B9C900CE6B3A /* EmporiumUITests.xctest */ = {isa = PBXFileReference; explicitFileType = wrapper.cfbundle; includeInIndex = 0; path = EmporiumUITests.xctest; sourceTree = BUILT_PRODUCTS_DIR; };
		FE9023792473B9C900CE6B3A /* EmporiumUITests.swift */ = {isa = PBXFileReference; lastKnownFileType = sourcecode.swift; path = EmporiumUITests.swift; sourceTree = "<group>"; };
		FE90237B2473B9C900CE6B3A /* Info.plist */ = {isa = PBXFileReference; lastKnownFileType = text.plist.xml; path = Info.plist; sourceTree = "<group>"; };
		FEB741BC24CBFD4300512C73 /* OrderManager.swift */ = {isa = PBXFileReference; lastKnownFileType = sourcecode.swift; path = OrderManager.swift; sourceTree = "<group>"; };
		FEB741BE24CE762800512C73 /* AddressTableViewController.swift */ = {isa = PBXFileReference; lastKnownFileType = sourcecode.swift; path = AddressTableViewController.swift; sourceTree = "<group>"; };
		FEB741C024CE770000512C73 /* Address.swift */ = {isa = PBXFileReference; lastKnownFileType = sourcecode.swift; path = Address.swift; sourceTree = "<group>"; };
		FEB741C224CE7CD900512C73 /* GeocoderHelper.swift */ = {isa = PBXFileReference; lastKnownFileType = sourcecode.swift; path = GeocoderHelper.swift; sourceTree = "<group>"; };
		FEE5538124D4143200472C57 /* AddressTableViewCell.swift */ = {isa = PBXFileReference; lastKnownFileType = sourcecode.swift; path = AddressTableViewCell.swift; sourceTree = "<group>"; };
		FEE5538324D41A6A00472C57 /* AddOrEditAddressViewController.swift */ = {isa = PBXFileReference; lastKnownFileType = sourcecode.swift; path = AddOrEditAddressViewController.swift; sourceTree = "<group>"; };
/* End PBXFileReference section */

/* Begin PBXFrameworksBuildPhase section */
		FE90234E2473B9C700CE6B3A /* Frameworks */ = {
			isa = PBXFrameworksBuildPhase;
			buildActionMask = 2147483647;
			files = (
				ED818D2A24C04B040033F1ED /* MapKit.framework in Frameworks */,
				6F2E387E8C9ACC3F611FB0F9 /* Pods_Emporium.framework in Frameworks */,
			);
			runOnlyForDeploymentPostprocessing = 0;
		};
		FE9023672473B9C900CE6B3A /* Frameworks */ = {
			isa = PBXFrameworksBuildPhase;
			buildActionMask = 2147483647;
			files = (
				F2B247F835BC4D954DFE2981 /* Pods_EmporiumTests.framework in Frameworks */,
			);
			runOnlyForDeploymentPostprocessing = 0;
		};
		FE9023722473B9C900CE6B3A /* Frameworks */ = {
			isa = PBXFrameworksBuildPhase;
			buildActionMask = 2147483647;
			files = (
				5D59676246AEA03FEF51ED38 /* Pods_Emporium_EmporiumUITests.framework in Frameworks */,
			);
			runOnlyForDeploymentPostprocessing = 0;
		};
/* End PBXFrameworksBuildPhase section */

/* Begin PBXGroup section */
		343CA41024CE698300BF7F95 /* Animation */ = {
			isa = PBXGroup;
			children = (
				343CA41124CE69A400BF7F95 /* delivery-complete.json */,
			);
			path = Animation;
			sourceTree = "<group>";
		};
		34A7BEB824C5415D00FEF0BA /* StoreCreator */ = {
			isa = PBXGroup;
			children = (
				34A7BEB924C5418400FEF0BA /* StoreCreator.storyboard */,
				34A7BEBB24C5430A00FEF0BA /* StoreListViewController.swift */,
				34A7BEBD24C5566800FEF0BA /* AddStoreViewController.swift */,
				34B0519924CA791400C90A33 /* StoreSelectViewController.swift */,
			);
			path = StoreCreator;
			sourceTree = "<group>";
		};
		3E559CF4FDE23DA288FF346B /* Pods */ = {
			isa = PBXGroup;
			children = (
				B9D0F497670E64545D59F2DA /* Pods-Emporium-EmporiumUITests.debug.xcconfig */,
				40427A950A4BD24653498EAF /* Pods-Emporium-EmporiumUITests.release.xcconfig */,
				813AD4276652AACA02B6DCC2 /* Pods-EmporiumTests.debug.xcconfig */,
				0E29FA4271D2B1A5BFDF0B9A /* Pods-EmporiumTests.release.xcconfig */,
				46DB19238A4DD518573ED7C6 /* Pods-Emporium.debug.xcconfig */,
				032A23C71ADA721B83CE2895 /* Pods-Emporium.release.xcconfig */,
			);
			path = Pods;
			sourceTree = "<group>";
		};
		7F0B388224AB3BC00003B9D9 /* Animations */ = {
			isa = PBXGroup;
			children = (
				7F0B388324AB3BF10003B9D9 /* cardAni.json */,
				7F0B388924AE1C1B0003B9D9 /* cardAni2.json */,
			);
			path = Animations;
			sourceTree = "<group>";
		};
		7FD026402498EDB900BAA2F1 /* DataManagers */ = {
			isa = PBXGroup;
			children = (
				7FD026412498EE0300BAA2F1 /* ShopDataManager.swift */,
				7F37652D24BDAE8300CC27F3 /* ServerLocation.swift */,
			);
			path = DataManagers;
			sourceTree = "<group>";
		};
		7FD3CCD5249CB2DA00C1CD80 /* ViewController */ = {
			isa = PBXGroup;
			children = (
				AC13E90E249CE84C00DA2A7F /* CheckOutViewController.swift */,
				AC13E90C249CE84400DA2A7F /* ShopViewController.swift */,
				7FD3CD1B249F5E7000C1CD80 /* GatewayViewController.swift */,
				7F0B387724A26CBA0003B9D9 /* HistoryViewController.swift */,
				7F0B387B24A3BB0B0003B9D9 /* HistoryDetailViewController.swift */,
				FE32168F24A98875003D1196 /* DisplayCardViewController.swift */,
				FE32169124A98B19003D1196 /* AddCardViewController.swift */,
				7F37653F24D3FDED00CC27F3 /* ShoppingListViewController.swift */,
				7F37654B24E576B600CC27F3 /* SelectAddressViewController.swift */,
				7F52B05224E67CA300DEEAF8 /* VoucherTableViewController.swift */,
				7F52B05424E7DF2000DEEAF8 /* BankDetailViewController.swift */,
			);
			path = ViewController;
			sourceTree = "<group>";
		};
		95407E2A058CB1895904ED5E /* Frameworks */ = {
			isa = PBXGroup;
			children = (
				ED818D2924C04B040033F1ED /* MapKit.framework */,
				9DC51AAC1D5003B687446ECE /* Pods_Emporium.framework */,
				70BED74BBB422086FC29546B /* Pods_Emporium_EmporiumUITests.framework */,
				89900AD73B612EB5B4C42AC3 /* Pods_EmporiumTests.framework */,
			);
			name = Frameworks;
			sourceTree = "<group>";
		};
		AC0A18F224932482009FFD93 /* Notifications */ = {
			isa = PBXGroup;
			children = (
				AC0A18F324932494009FFD93 /* Notification.swift */,
				AC0A18F524932628009FFD93 /* NotificationHandler.swift */,
				AC0A18F92495EAC4009FFD93 /* NotificationTableView.xib */,
				AC0A18FB2495EE8D009FFD93 /* NotificationTableView.swift */,
				AC0A18FD2495F2C5009FFD93 /* EmporiumNotificationViewController.swift */,
			);
			path = Notifications;
			sourceTree = "<group>";
		};
		AC21B9C8249767630058EE50 /* Shop */ = {
			isa = PBXGroup;
			children = (
				7F0B388224AB3BC00003B9D9 /* Animations */,
				7FD3CCD5249CB2DA00C1CD80 /* ViewController */,
				7FD026402498EDB900BAA2F1 /* DataManagers */,
				AC21B9CF249767630058EE50 /* Model */,
				AC21B9CC249767630058EE50 /* Cell */,
				AC21B9C9249767630058EE50 /* Shop.storyboard */,
				7F37652524B9A72F00CC27F3 /* Scan.swift */,
			);
			path = Shop;
			sourceTree = "<group>";
		};
		AC21B9CC249767630058EE50 /* Cell */ = {
			isa = PBXGroup;
			children = (
				ACED1DE3249B307600094284 /* CartCell.swift */,
				AC21B9CD249767630058EE50 /* ProductViewCell.xib */,
				AC21B9CE249767630058EE50 /* ProductViewCell.swift */,
				7F0B387924A35FA60003B9D9 /* HistoryCell.swift */,
				7F0B388024A486830003B9D9 /* HistoryCartCell.swift */,
				7F0B388724ADE06B0003B9D9 /* CardCell.swift */,
			);
			path = Cell;
			sourceTree = "<group>";
		};
		AC21B9CF249767630058EE50 /* Model */ = {
			isa = PBXGroup;
			children = (
				AC21B9D0249767630058EE50 /* Product.swift */,
				7FD0263824976FA200BAA2F1 /* Cart.swift */,
				7F0B387E24A3C38C0003B9D9 /* HistoryItem.swift */,
				7F0B388524ADDA830003B9D9 /* Card.swift */,
				7F37652724B9AF5E00CC27F3 /* ScanDetail.swift */,
				7F37653524BDD10E00CC27F3 /* History.swift */,
				7F37653724BEF52700CC27F3 /* HistoryPaymentDetail.swift */,
				7F37654124D3FEF300CC27F3 /* ShoppingList.swift */,
			);
			path = Model;
			sourceTree = "<group>";
		};
		ACAEE67224A22AFF00C286BF /* CrowdTracking */ = {
			isa = PBXGroup;
			children = (
				ACB27A9324A5D13600DE966B /* DataManager */,
				ACB27A9624A5D32C00DE966B /* Models */,
				ACAEE67924A4223200C286BF /* MLModel */,
				ACAEE67324A22CD800C286BF /* CrowdTracking.storyboard */,
				ACAEE67724A3016500C286BF /* CrowdTrackingViewController.swift */,
				34C6E02624A9924400F864B2 /* GroceryStoresTableViewController.swift */,
				FE56B18624B81A9D000274A1 /* EdgeDetection.swift */,
			);
			path = CrowdTracking;
			sourceTree = "<group>";
		};
		ACAEE67924A4223200C286BF /* MLModel */ = {
			isa = PBXGroup;
			children = (
				ACB27A8D24A4A80600DE966B /* YOLOv3Tiny.mlmodel */,
				ACAEE67A24A4223300C286BF /* YOLOv3TinyFP16.mlmodel */,
			);
			path = MLModel;
			sourceTree = "<group>";
		};
		ACB27A9324A5D13600DE966B /* DataManager */ = {
			isa = PBXGroup;
			children = (
				ACB27A9424A5D19C00DE966B /* CrowdTrackingDataManager.swift */,
			);
			path = DataManager;
			sourceTree = "<group>";
		};
		ACB27A9624A5D32C00DE966B /* Models */ = {
			isa = PBXGroup;
			children = (
				ACB27A9724A5D34700DE966B /* ChangeVisitorCountStatus.swift */,
				FE56492424C54C890001CA4F /* Direction.swift */,
			);
			path = Models;
			sourceTree = "<group>";
		};
		ACD28624249877ED00497BD9 /* Recovered References */ = {
			isa = PBXGroup;
			children = (
			);
			name = "Recovered References";
			sourceTree = "<group>";
		};
		ACDA8EC3249DE26C009887A7 /* AvailableVouchers */ = {
			isa = PBXGroup;
			children = (
				ACED1DEC249B8BA200094284 /* VouchersViewController.swift */,
				ACED1DEE249B8C7F00094284 /* VoucherTableViewCell.swift */,
				ACED1DF7249B949F00094284 /* VoucherBottomSheetViewController.swift */,
			);
			path = AvailableVouchers;
			sourceTree = "<group>";
		};
		ACDA8EC4249DE28B009887A7 /* MyVouchers */ = {
			isa = PBXGroup;
			children = (
				ACDA8EC7249DE97F009887A7 /* MyVoucherBottomSheetViewController.swift */,
				ACDA8EC5249DE317009887A7 /* MyVoucherTableViewCell.swift */,
				ACDA8EC1249DE191009887A7 /* MyVouchersTableViewController.swift */,
			);
			path = MyVouchers;
			sourceTree = "<group>";
		};
		ACDA8ECB249DF320009887A7 /* Animations */ = {
			isa = PBXGroup;
			children = (
				ACDA8ECC249DF334009887A7 /* gift-opening-animation.json */,
			);
			path = Animations;
			sourceTree = "<group>";
		};
		ACDA8ECE249F2B80009887A7 /* EarnedRewards */ = {
			isa = PBXGroup;
			children = (
				ACDA8EC9249DEF63009887A7 /* GiftPointsViewController.swift */,
			);
			path = EarnedRewards;
			sourceTree = "<group>";
		};
		ACED1DE0249B2FC800094284 /* Views */ = {
			isa = PBXGroup;
			children = (
				34A7BEB824C5415D00FEF0BA /* StoreCreator */,
				EDD6581A24BFFEC000201B30 /* Delivery */,
				ACAEE67224A22AFF00C286BF /* CrowdTracking */,
				ED57F794249C98F10013A133 /* Queue */,
				ACED1DE9249B72BF00094284 /* Rewards */,
				ACED1DE1249B2FDE00094284 /* Main */,
				AC21B9C8249767630058EE50 /* Shop */,
				EDB4683224948BDF000DE5F0 /* Nearby */,
				FEA80CEF248DE293005D8F94 /* Login */,
			);
			path = Views;
			sourceTree = "<group>";
		};
		ACED1DE1249B2FDE00094284 /* Main */ = {
			isa = PBXGroup;
			children = (
				ACED1DE5249B41AA00094284 /* DataManagers */,
				FE9023582473B9C700CE6B3A /* MainViewController.swift */,
				FE90235A2473B9C700CE6B3A /* Main.storyboard */,
				ACD286372498F2D100497BD9 /* MyAccountViewController.swift */,
				FEB741BE24CE762800512C73 /* AddressTableViewController.swift */,
				FEE5538124D4143200472C57 /* AddressTableViewCell.swift */,
				FEE5538324D41A6A00472C57 /* AddOrEditAddressViewController.swift */,
			);
			path = Main;
			sourceTree = "<group>";
		};
		ACED1DE5249B41AA00094284 /* DataManagers */ = {
			isa = PBXGroup;
			children = (
				ACED1DE6249B41BF00094284 /* AccountDataManager.swift */,
			);
			path = DataManagers;
			sourceTree = "<group>";
		};
		ACED1DE9249B72BF00094284 /* Rewards */ = {
			isa = PBXGroup;
			children = (
				ACDA8ECE249F2B80009887A7 /* EarnedRewards */,
				ACDA8ECB249DF320009887A7 /* Animations */,
				ACDA8EC4249DE28B009887A7 /* MyVouchers */,
				ACDA8EC3249DE26C009887A7 /* AvailableVouchers */,
				ACED1DFF249C64A500094284 /* DataMangers */,
				ACED1DF0249B8D2300094284 /* Models */,
				ACED1DEA249B72DF00094284 /* Rewards.storyboard */,
				FE16498C24C0894B00328F50 /* RewardSegmentedViewController.swift */,
			);
			path = Rewards;
			sourceTree = "<group>";
		};
		ACED1DF0249B8D2300094284 /* Models */ = {
			isa = PBXGroup;
			children = (
				ACED1DF1249B8D2E00094284 /* Voucher.swift */,
				AC18C2E9249CFF270033F4C4 /* VoucherStatus.swift */,
				ACDA8ED1249F3000009887A7 /* EarnedReward.swift */,
				ACDA8ED3249F560D009887A7 /* EarnedRewardStatus.swift */,
			);
			path = Models;
			sourceTree = "<group>";
		};
		ACED1DFF249C64A500094284 /* DataMangers */ = {
			isa = PBXGroup;
			children = (
				ACDA8ECF249F2BE5009887A7 /* EarnedRewardsDataManager.swift */,
				ACED1E00249C64BF00094284 /* VoucherDataManager.swift */,
				ACED1E46249CB64800094284 /* PointDataManager.swift */,
			);
			path = DataMangers;
			sourceTree = "<group>";
		};
		ED1F17C224BEAC8B007CF9C5 /* RequestorList */ = {
			isa = PBXGroup;
			children = (
				ED61104E24A34D8800FFD408 /* RequestorsListViewController.swift */,
				ED1F17C724BEADFF007CF9C5 /* ItemTableViewCell.swift */,
			);
			path = RequestorList;
			sourceTree = "<group>";
		};
		ED57F794249C98F10013A133 /* Queue */ = {
			isa = PBXGroup;
			children = (
				ED1F17C224BEAC8B007CF9C5 /* RequestorList */,
				ED61105224A44BAC00FFD408 /* Models */,
				ED57F7A224A08A810013A133 /* Animation */,
				ED57F795249C99B50013A133 /* Queue.storyboard */,
				ED57F797249C9DD90013A133 /* QueueViewController.swift */,
				ED57F7A724A1CBE70013A133 /* EntryViewController.swift */,
				ED57F7AB24A1DFC20013A133 /* InStoreViewController.swift */,
				FEB741BC24CBFD4300512C73 /* OrderManager.swift */,
			);
			path = Queue;
			sourceTree = "<group>";
		};
		ED57F79F24A076970013A133 /* Models */ = {
			isa = PBXGroup;
			children = (
				EDB46830248DEAF7000DE5F0 /* GroceryStore.swift */,
				ED57F7A024A076C10013A133 /* StoreAnnotation.swift */,
				ED61104C24A34A3F00FFD408 /* Cart2.swift */,
				7F37654724E569CF00CC27F3 /* CartItem.pb.swift */,
				7F37654824E569CF00CC27F3 /* DeliveryOrder.pb.swift */,
				ED61105A24B6EBB800FFD408 /* QueueItem.swift */,
				ED1F17C024BD6BA3007CF9C5 /* QueueStatus.swift */,
				FEB741C024CE770000512C73 /* Address.swift */,
			);
			path = Models;
			sourceTree = "<group>";
		};
		ED57F7A224A08A810013A133 /* Animation */ = {
			isa = PBXGroup;
			children = (
				ED61105324A4583300FFD408 /* check.json */,
				ED61105424A4583300FFD408 /* cross.json */,
				ED61104A24A3482C00FFD408 /* shopping-bag.json */,
				ED57F7A424A08B6C0013A133 /* social-distancing.json */,
				ED57F7A324A08B6B0013A133 /* wear-mask.json */,
			);
			path = Animation;
			sourceTree = "<group>";
		};
		ED61105224A44BAC00FFD408 /* Models */ = {
			isa = PBXGroup;
			children = (
				ED61105024A44BA600FFD408 /* RequestedItem.swift */,
			);
			path = Models;
			sourceTree = "<group>";
		};
		ED61105724AD938600FFD408 /* DataManagers */ = {
			isa = PBXGroup;
			children = (
				ED57F791249A01080013A133 /* StoreDataManager.swift */,
				ED61105824AD93A500FFD408 /* QueueDataManager.swift */,
				EDD6582124C0097700201B30 /* DeliveryDataManager.swift */,
			);
			path = DataManagers;
			sourceTree = "<group>";
		};
		EDA5990D2484D12000ADD228 /* Apis */ = {
			isa = PBXGroup;
			children = (
				EDB46827248DD4B3000DE5F0 /* PlacesAPI.swift */,
			);
			path = Apis;
			sourceTree = "<group>";
		};
		EDB4682D248DEA81000DE5F0 /* Helpers */ = {
			isa = PBXGroup;
			children = (
				FE6303D024AD953A00BF7976 /* EmptyTableView */,
				FE0BE38724BF5E4D00F9C3FA /* Global.swift */,
				AC0A18F7249336F3009FFD93 /* EmporiumError.swift */,
				EDB4682E248DEAA6000DE5F0 /* SwiftyJSON.swift */,
				ACED1E02249CA19700094284 /* LoginManager.swift */,
				ED57F79B249CA2380013A133 /* Toast.swift */,
				ACAEE67024A1DC9100C286BF /* Spinner.swift */,
				FE56B17124B58A71000274A1 /* Alert.swift */,
				34A74EEC24BBFC1100A03EBD /* Plist.swift */,
				34B31A8B24BBECF100459A57 /* ListenerManager.swift */,
				EDD6581F24C0042D00201B30 /* QRManager.swift */,
				FEB741C224CE7CD900512C73 /* GeocoderHelper.swift */,
				343CA41324CE87C400BF7F95 /* LocalNotificationHelper.swift */,
			);
			path = Helpers;
			sourceTree = "<group>";
		};
		EDB4683224948BDF000DE5F0 /* Nearby */ = {
			isa = PBXGroup;
			children = (
				EDA5990D2484D12000ADD228 /* Apis */,
				ED57F78824989E8C0013A133 /* NearbyMart.storyboard */,
				ED57F78C2498A0340013A133 /* NearbyMapViewController.swift */,
				ED57F78E2498AAD60013A133 /* NearbyListViewController.swift */,
			);
			path = Nearby;
			sourceTree = "<group>";
		};
		EDD6581A24BFFEC000201B30 /* Delivery */ = {
			isa = PBXGroup;
			children = (
				343CA41024CE698300BF7F95 /* Animation */,
				EDD6581B24BFFEE300201B30 /* Delivery.storyboard */,
				EDD6581D24BFFF8700201B30 /* ConfirmationViewController.swift */,
				EDD6582724C030C700201B30 /* QRViewController.swift */,
			);
			path = Delivery;
			sourceTree = "<group>";
		};
		FE6303D024AD953A00BF7976 /* EmptyTableView */ = {
			isa = PBXGroup;
			children = (
				FE6303D324ADA47C00BF7976 /* Animations */,
				FE6303CC24AD93E200BF7976 /* EmptyTableViewExtension.swift */,
				FE6303CE24AD947A00BF7976 /* EmptyTableView.xib */,
				FE6303D124AD964600BF7976 /* EmptyTableView.swift */,
			);
			path = EmptyTableView;
			sourceTree = "<group>";
		};
		FE6303D324ADA47C00BF7976 /* Animations */ = {
			isa = PBXGroup;
			children = (
				FE6303D424ADA48800BF7976 /* empty.json */,
			);
			path = Animations;
			sourceTree = "<group>";
		};
		FE9023482473B9C700CE6B3A = {
			isa = PBXGroup;
			children = (
				FE9023532473B9C700CE6B3A /* Emporium */,
				FE90236D2473B9C900CE6B3A /* EmporiumTests */,
				FE9023782473B9C900CE6B3A /* EmporiumUITests */,
				FE9023522473B9C700CE6B3A /* Products */,
				3E559CF4FDE23DA288FF346B /* Pods */,
				95407E2A058CB1895904ED5E /* Frameworks */,
				ACD28624249877ED00497BD9 /* Recovered References */,
			);
			sourceTree = "<group>";
		};
		FE9023522473B9C700CE6B3A /* Products */ = {
			isa = PBXGroup;
			children = (
				FE9023512473B9C700CE6B3A /* Emporium.app */,
				FE90236A2473B9C900CE6B3A /* EmporiumTests.xctest */,
				FE9023752473B9C900CE6B3A /* EmporiumUITests.xctest */,
			);
			name = Products;
			sourceTree = "<group>";
		};
		FE9023532473B9C700CE6B3A /* Emporium */ = {
			isa = PBXGroup;
			children = (
				ED61105724AD938600FFD408 /* DataManagers */,
				ED57F79F24A076970013A133 /* Models */,
				ACED1DE0249B2FC800094284 /* Views */,
				AC0A18F224932482009FFD93 /* Notifications */,
				EDB4682D248DEA81000DE5F0 /* Helpers */,
				FE5AAE572484AE5B0018DA42 /* GoogleService-Info.plist */,
				FE9023542473B9C700CE6B3A /* AppDelegate.swift */,
				FE9023562473B9C700CE6B3A /* SceneDelegate.swift */,
				FE9023602473B9C900CE6B3A /* Assets.xcassets */,
				FE9023622473B9C900CE6B3A /* LaunchScreen.storyboard */,
				FE9023652473B9C900CE6B3A /* Info.plist */,
				FE90235D2473B9C700CE6B3A /* Emporium.xcdatamodeld */,
				EDB4682B248DD57D000DE5F0 /* Data.plist */,
			);
			path = Emporium;
			sourceTree = "<group>";
		};
		FE90236D2473B9C900CE6B3A /* EmporiumTests */ = {
			isa = PBXGroup;
			children = (
				FE90236E2473B9C900CE6B3A /* EmporiumTests.swift */,
				FE9023702473B9C900CE6B3A /* Info.plist */,
			);
			path = EmporiumTests;
			sourceTree = "<group>";
		};
		FE9023782473B9C900CE6B3A /* EmporiumUITests */ = {
			isa = PBXGroup;
			children = (
				FE9023792473B9C900CE6B3A /* EmporiumUITests.swift */,
				FE90237B2473B9C900CE6B3A /* Info.plist */,
			);
			path = EmporiumUITests;
			sourceTree = "<group>";
		};
		FEA80CEF248DE293005D8F94 /* Login */ = {
			isa = PBXGroup;
			children = (
				ACD28633249894E200497BD9 /* EmporiumCardButton.xib */,
				ACD286352498950700497BD9 /* EmporiumCardButton.swift */,
			);
			path = Login;
			sourceTree = "<group>";
		};
/* End PBXGroup section */

/* Begin PBXNativeTarget section */
		FE9023502473B9C700CE6B3A /* Emporium */ = {
			isa = PBXNativeTarget;
			buildConfigurationList = FE90237E2473B9C900CE6B3A /* Build configuration list for PBXNativeTarget "Emporium" */;
			buildPhases = (
				8D3028128B9432B6D0EB4C1C /* [CP] Check Pods Manifest.lock */,
				FE90234D2473B9C700CE6B3A /* Sources */,
				FE90234E2473B9C700CE6B3A /* Frameworks */,
				FE90234F2473B9C700CE6B3A /* Resources */,
				8F9FF71E241323E9BA794080 /* [CP] Embed Pods Frameworks */,
				A7962031846264BF16C7F108 /* [CP] Copy Pods Resources */,
			);
			buildRules = (
			);
			dependencies = (
			);
			name = Emporium;
			productName = Emporium;
			productReference = FE9023512473B9C700CE6B3A /* Emporium.app */;
			productType = "com.apple.product-type.application";
		};
		FE9023692473B9C900CE6B3A /* EmporiumTests */ = {
			isa = PBXNativeTarget;
			buildConfigurationList = FE9023812473B9C900CE6B3A /* Build configuration list for PBXNativeTarget "EmporiumTests" */;
			buildPhases = (
				D0B8A1A731D3ADF66AF322FB /* [CP] Check Pods Manifest.lock */,
				FE9023662473B9C900CE6B3A /* Sources */,
				FE9023672473B9C900CE6B3A /* Frameworks */,
				FE9023682473B9C900CE6B3A /* Resources */,
			);
			buildRules = (
			);
			dependencies = (
				FE90236C2473B9C900CE6B3A /* PBXTargetDependency */,
			);
			name = EmporiumTests;
			productName = EmporiumTests;
			productReference = FE90236A2473B9C900CE6B3A /* EmporiumTests.xctest */;
			productType = "com.apple.product-type.bundle.unit-test";
		};
		FE9023742473B9C900CE6B3A /* EmporiumUITests */ = {
			isa = PBXNativeTarget;
			buildConfigurationList = FE9023842473B9C900CE6B3A /* Build configuration list for PBXNativeTarget "EmporiumUITests" */;
			buildPhases = (
				8FF7F2F94AA999CA404882A4 /* [CP] Check Pods Manifest.lock */,
				FE9023712473B9C900CE6B3A /* Sources */,
				FE9023722473B9C900CE6B3A /* Frameworks */,
				FE9023732473B9C900CE6B3A /* Resources */,
				F4D2F6DF7A890085128275DD /* [CP] Embed Pods Frameworks */,
				FEE5E093AD31706446E6702C /* [CP] Copy Pods Resources */,
			);
			buildRules = (
			);
			dependencies = (
				FE9023772473B9C900CE6B3A /* PBXTargetDependency */,
			);
			name = EmporiumUITests;
			productName = EmporiumUITests;
			productReference = FE9023752473B9C900CE6B3A /* EmporiumUITests.xctest */;
			productType = "com.apple.product-type.bundle.ui-testing";
		};
/* End PBXNativeTarget section */

/* Begin PBXProject section */
		FE9023492473B9C700CE6B3A /* Project object */ = {
			isa = PBXProject;
			attributes = {
				LastSwiftUpdateCheck = 1140;
				LastUpgradeCheck = 1150;
				ORGANIZATIONNAME = NYP;
				TargetAttributes = {
					FE9023502473B9C700CE6B3A = {
						CreatedOnToolsVersion = 11.4.1;
						LastSwiftMigration = 1140;
					};
					FE9023692473B9C900CE6B3A = {
						CreatedOnToolsVersion = 11.4.1;
						TestTargetID = FE9023502473B9C700CE6B3A;
					};
					FE9023742473B9C900CE6B3A = {
						CreatedOnToolsVersion = 11.4.1;
						TestTargetID = FE9023502473B9C700CE6B3A;
					};
				};
			};
			buildConfigurationList = FE90234C2473B9C700CE6B3A /* Build configuration list for PBXProject "Emporium" */;
			compatibilityVersion = "Xcode 9.3";
			developmentRegion = en;
			hasScannedForEncodings = 0;
			knownRegions = (
				en,
				Base,
			);
			mainGroup = FE9023482473B9C700CE6B3A;
			productRefGroup = FE9023522473B9C700CE6B3A /* Products */;
			projectDirPath = "";
			projectRoot = "";
			targets = (
				FE9023502473B9C700CE6B3A /* Emporium */,
				FE9023692473B9C900CE6B3A /* EmporiumTests */,
				FE9023742473B9C900CE6B3A /* EmporiumUITests */,
			);
		};
/* End PBXProject section */

/* Begin PBXResourcesBuildPhase section */
		FE90234F2473B9C700CE6B3A /* Resources */ = {
			isa = PBXResourcesBuildPhase;
			buildActionMask = 2147483647;
			files = (
				FE6303CF24AD947A00BF7976 /* EmptyTableView.xib in Resources */,
				EDB4682C248DD57D000DE5F0 /* Data.plist in Resources */,
				7F0B388424AB3BF20003B9D9 /* cardAni.json in Resources */,
				ED57F7A524A08B6C0013A133 /* wear-mask.json in Resources */,
				FE6303D524ADA48800BF7976 /* empty.json in Resources */,
				ED61105624A4583300FFD408 /* cross.json in Resources */,
				ED57F78924989E8C0013A133 /* NearbyMart.storyboard in Resources */,
				ED61105524A4583300FFD408 /* check.json in Resources */,
				AC0A18FA2495EAC4009FFD93 /* NotificationTableView.xib in Resources */,
				34A7BEBA24C5418400FEF0BA /* StoreCreator.storyboard in Resources */,
				7F0B388A24AE1C1B0003B9D9 /* cardAni2.json in Resources */,
				AC21B9D3249767630058EE50 /* Shop.storyboard in Resources */,
				AC21B9D6249767630058EE50 /* ProductViewCell.xib in Resources */,
				ACDA8ECD249DF335009887A7 /* gift-opening-animation.json in Resources */,
				FE9023642473B9C900CE6B3A /* LaunchScreen.storyboard in Resources */,
				ACD28634249894E200497BD9 /* EmporiumCardButton.xib in Resources */,
				FE5AAE582484AE5B0018DA42 /* GoogleService-Info.plist in Resources */,
				ACED1DEB249B72DF00094284 /* Rewards.storyboard in Resources */,
				FE9023612473B9C900CE6B3A /* Assets.xcassets in Resources */,
				ED57F7A624A08B6C0013A133 /* social-distancing.json in Resources */,
				343CA41224CE69A400BF7F95 /* delivery-complete.json in Resources */,
				ACAEE67424A22CD800C286BF /* CrowdTracking.storyboard in Resources */,
				ED57F796249C99B50013A133 /* Queue.storyboard in Resources */,
				ED61104B24A3482C00FFD408 /* shopping-bag.json in Resources */,
				EDD6581C24BFFEE300201B30 /* Delivery.storyboard in Resources */,
				FE90235C2473B9C700CE6B3A /* Main.storyboard in Resources */,
			);
			runOnlyForDeploymentPostprocessing = 0;
		};
		FE9023682473B9C900CE6B3A /* Resources */ = {
			isa = PBXResourcesBuildPhase;
			buildActionMask = 2147483647;
			files = (
			);
			runOnlyForDeploymentPostprocessing = 0;
		};
		FE9023732473B9C900CE6B3A /* Resources */ = {
			isa = PBXResourcesBuildPhase;
			buildActionMask = 2147483647;
			files = (
			);
			runOnlyForDeploymentPostprocessing = 0;
		};
/* End PBXResourcesBuildPhase section */

/* Begin PBXShellScriptBuildPhase section */
		8D3028128B9432B6D0EB4C1C /* [CP] Check Pods Manifest.lock */ = {
			isa = PBXShellScriptBuildPhase;
			buildActionMask = 2147483647;
			files = (
			);
			inputFileListPaths = (
			);
			inputPaths = (
				"${PODS_PODFILE_DIR_PATH}/Podfile.lock",
				"${PODS_ROOT}/Manifest.lock",
			);
			name = "[CP] Check Pods Manifest.lock";
			outputFileListPaths = (
			);
			outputPaths = (
				"$(DERIVED_FILE_DIR)/Pods-Emporium-checkManifestLockResult.txt",
			);
			runOnlyForDeploymentPostprocessing = 0;
			shellPath = /bin/sh;
			shellScript = "diff \"${PODS_PODFILE_DIR_PATH}/Podfile.lock\" \"${PODS_ROOT}/Manifest.lock\" > /dev/null\nif [ $? != 0 ] ; then\n    # print error to STDERR\n    echo \"error: The sandbox is not in sync with the Podfile.lock. Run 'pod install' or update your CocoaPods installation.\" >&2\n    exit 1\nfi\n# This output is used by Xcode 'outputs' to avoid re-running this script phase.\necho \"SUCCESS\" > \"${SCRIPT_OUTPUT_FILE_0}\"\n";
			showEnvVarsInLog = 0;
		};
		8F9FF71E241323E9BA794080 /* [CP] Embed Pods Frameworks */ = {
			isa = PBXShellScriptBuildPhase;
			buildActionMask = 2147483647;
			files = (
			);
			inputFileListPaths = (
				"${PODS_ROOT}/Target Support Files/Pods-Emporium/Pods-Emporium-frameworks-${CONFIGURATION}-input-files.xcfilelist",
			);
			name = "[CP] Embed Pods Frameworks";
			outputFileListPaths = (
				"${PODS_ROOT}/Target Support Files/Pods-Emporium/Pods-Emporium-frameworks-${CONFIGURATION}-output-files.xcfilelist",
			);
			runOnlyForDeploymentPostprocessing = 0;
			shellPath = /bin/sh;
			shellScript = "\"${PODS_ROOT}/Target Support Files/Pods-Emporium/Pods-Emporium-frameworks.sh\"\n";
			showEnvVarsInLog = 0;
		};
		8FF7F2F94AA999CA404882A4 /* [CP] Check Pods Manifest.lock */ = {
			isa = PBXShellScriptBuildPhase;
			buildActionMask = 2147483647;
			files = (
			);
			inputFileListPaths = (
			);
			inputPaths = (
				"${PODS_PODFILE_DIR_PATH}/Podfile.lock",
				"${PODS_ROOT}/Manifest.lock",
			);
			name = "[CP] Check Pods Manifest.lock";
			outputFileListPaths = (
			);
			outputPaths = (
				"$(DERIVED_FILE_DIR)/Pods-Emporium-EmporiumUITests-checkManifestLockResult.txt",
			);
			runOnlyForDeploymentPostprocessing = 0;
			shellPath = /bin/sh;
			shellScript = "diff \"${PODS_PODFILE_DIR_PATH}/Podfile.lock\" \"${PODS_ROOT}/Manifest.lock\" > /dev/null\nif [ $? != 0 ] ; then\n    # print error to STDERR\n    echo \"error: The sandbox is not in sync with the Podfile.lock. Run 'pod install' or update your CocoaPods installation.\" >&2\n    exit 1\nfi\n# This output is used by Xcode 'outputs' to avoid re-running this script phase.\necho \"SUCCESS\" > \"${SCRIPT_OUTPUT_FILE_0}\"\n";
			showEnvVarsInLog = 0;
		};
		A7962031846264BF16C7F108 /* [CP] Copy Pods Resources */ = {
			isa = PBXShellScriptBuildPhase;
			buildActionMask = 2147483647;
			files = (
			);
			inputFileListPaths = (
				"${PODS_ROOT}/Target Support Files/Pods-Emporium/Pods-Emporium-resources-${CONFIGURATION}-input-files.xcfilelist",
			);
			name = "[CP] Copy Pods Resources";
			outputFileListPaths = (
				"${PODS_ROOT}/Target Support Files/Pods-Emporium/Pods-Emporium-resources-${CONFIGURATION}-output-files.xcfilelist",
			);
			runOnlyForDeploymentPostprocessing = 0;
			shellPath = /bin/sh;
			shellScript = "\"${PODS_ROOT}/Target Support Files/Pods-Emporium/Pods-Emporium-resources.sh\"\n";
			showEnvVarsInLog = 0;
		};
		D0B8A1A731D3ADF66AF322FB /* [CP] Check Pods Manifest.lock */ = {
			isa = PBXShellScriptBuildPhase;
			buildActionMask = 2147483647;
			files = (
			);
			inputFileListPaths = (
			);
			inputPaths = (
				"${PODS_PODFILE_DIR_PATH}/Podfile.lock",
				"${PODS_ROOT}/Manifest.lock",
			);
			name = "[CP] Check Pods Manifest.lock";
			outputFileListPaths = (
			);
			outputPaths = (
				"$(DERIVED_FILE_DIR)/Pods-EmporiumTests-checkManifestLockResult.txt",
			);
			runOnlyForDeploymentPostprocessing = 0;
			shellPath = /bin/sh;
			shellScript = "diff \"${PODS_PODFILE_DIR_PATH}/Podfile.lock\" \"${PODS_ROOT}/Manifest.lock\" > /dev/null\nif [ $? != 0 ] ; then\n    # print error to STDERR\n    echo \"error: The sandbox is not in sync with the Podfile.lock. Run 'pod install' or update your CocoaPods installation.\" >&2\n    exit 1\nfi\n# This output is used by Xcode 'outputs' to avoid re-running this script phase.\necho \"SUCCESS\" > \"${SCRIPT_OUTPUT_FILE_0}\"\n";
			showEnvVarsInLog = 0;
		};
		F4D2F6DF7A890085128275DD /* [CP] Embed Pods Frameworks */ = {
			isa = PBXShellScriptBuildPhase;
			buildActionMask = 2147483647;
			files = (
			);
			inputFileListPaths = (
				"${PODS_ROOT}/Target Support Files/Pods-Emporium-EmporiumUITests/Pods-Emporium-EmporiumUITests-frameworks-${CONFIGURATION}-input-files.xcfilelist",
			);
			name = "[CP] Embed Pods Frameworks";
			outputFileListPaths = (
				"${PODS_ROOT}/Target Support Files/Pods-Emporium-EmporiumUITests/Pods-Emporium-EmporiumUITests-frameworks-${CONFIGURATION}-output-files.xcfilelist",
			);
			runOnlyForDeploymentPostprocessing = 0;
			shellPath = /bin/sh;
			shellScript = "\"${PODS_ROOT}/Target Support Files/Pods-Emporium-EmporiumUITests/Pods-Emporium-EmporiumUITests-frameworks.sh\"\n";
			showEnvVarsInLog = 0;
		};
		FEE5E093AD31706446E6702C /* [CP] Copy Pods Resources */ = {
			isa = PBXShellScriptBuildPhase;
			buildActionMask = 2147483647;
			files = (
			);
			inputFileListPaths = (
				"${PODS_ROOT}/Target Support Files/Pods-Emporium-EmporiumUITests/Pods-Emporium-EmporiumUITests-resources-${CONFIGURATION}-input-files.xcfilelist",
			);
			name = "[CP] Copy Pods Resources";
			outputFileListPaths = (
				"${PODS_ROOT}/Target Support Files/Pods-Emporium-EmporiumUITests/Pods-Emporium-EmporiumUITests-resources-${CONFIGURATION}-output-files.xcfilelist",
			);
			runOnlyForDeploymentPostprocessing = 0;
			shellPath = /bin/sh;
			shellScript = "\"${PODS_ROOT}/Target Support Files/Pods-Emporium-EmporiumUITests/Pods-Emporium-EmporiumUITests-resources.sh\"\n";
			showEnvVarsInLog = 0;
		};
/* End PBXShellScriptBuildPhase section */

/* Begin PBXSourcesBuildPhase section */
		FE90234D2473B9C700CE6B3A /* Sources */ = {
			isa = PBXSourcesBuildPhase;
			buildActionMask = 2147483647;
			files = (
				AC13E90F249CE84D00DA2A7F /* CheckOutViewController.swift in Sources */,
				7F37654924E569CF00CC27F3 /* CartItem.pb.swift in Sources */,
				7F37653624BDD10E00CC27F3 /* History.swift in Sources */,
				7F37654024D3FDED00CC27F3 /* ShoppingListViewController.swift in Sources */,
				ED57F79C249CA2380013A133 /* Toast.swift in Sources */,
				34B31A8C24BBECF100459A57 /* ListenerManager.swift in Sources */,
				ED61104D24A34A3F00FFD408 /* Cart2.swift in Sources */,
				ACDA8EC2249DE191009887A7 /* MyVouchersTableViewController.swift in Sources */,
				7F37652E24BDAE8300CC27F3 /* ServerLocation.swift in Sources */,
				EDB46828248DD4B3000DE5F0 /* PlacesAPI.swift in Sources */,
				AC0A18F8249336F3009FFD93 /* EmporiumError.swift in Sources */,
				AC21B9D7249767630058EE50 /* ProductViewCell.swift in Sources */,
				FEE5538224D4143200472C57 /* AddressTableViewCell.swift in Sources */,
				FEE5538424D41A6A00472C57 /* AddOrEditAddressViewController.swift in Sources */,
				FE32169224A98B19003D1196 /* AddCardViewController.swift in Sources */,
				ED61105B24B6EBB800FFD408 /* QueueItem.swift in Sources */,
				ACDA8ED0249F2BE5009887A7 /* EarnedRewardsDataManager.swift in Sources */,
				FE0BE38824BF5E4D00F9C3FA /* Global.swift in Sources */,
				ACDA8ECA249DEF63009887A7 /* GiftPointsViewController.swift in Sources */,
				ACED1E01249C64BF00094284 /* VoucherDataManager.swift in Sources */,
				AC21B9D8249767630058EE50 /* Product.swift in Sources */,
				7FD026422498EE0300BAA2F1 /* ShopDataManager.swift in Sources */,
				343CA41424CE87C400BF7F95 /* LocalNotificationHelper.swift in Sources */,
				ED57F798249C9DD90013A133 /* QueueViewController.swift in Sources */,
				ACED1DF2249B8D2E00094284 /* Voucher.swift in Sources */,
				7F52B05324E67CA300DEEAF8 /* VoucherTableViewController.swift in Sources */,
				7FD0263924976FA200BAA2F1 /* Cart.swift in Sources */,
				ACED1DED249B8BA200094284 /* VouchersViewController.swift in Sources */,
				ACED1DE4249B307600094284 /* CartCell.swift in Sources */,
				ACED1DEF249B8C7F00094284 /* VoucherTableViewCell.swift in Sources */,
				7F37653824BEF52700CC27F3 /* HistoryPaymentDetail.swift in Sources */,
				ACB27A8E24A4A80600DE966B /* YOLOv3Tiny.mlmodel in Sources */,
				FE9023592473B9C700CE6B3A /* MainViewController.swift in Sources */,
				7F37652824B9AF5E00CC27F3 /* ScanDetail.swift in Sources */,
				ED57F78D2498A0340013A133 /* NearbyMapViewController.swift in Sources */,
				FE56B18724B81A9D000274A1 /* EdgeDetection.swift in Sources */,
				ED1F17C124BD6BA3007CF9C5 /* QueueStatus.swift in Sources */,
				7F37654A24E569CF00CC27F3 /* DeliveryOrder.pb.swift in Sources */,
				AC0A18F624932628009FFD93 /* NotificationHandler.swift in Sources */,
				FE6303D224AD964600BF7976 /* EmptyTableView.swift in Sources */,
				FE9023552473B9C700CE6B3A /* AppDelegate.swift in Sources */,
				ACED1DF8249B949F00094284 /* VoucherBottomSheetViewController.swift in Sources */,
				34C6E02724A9924400F864B2 /* GroceryStoresTableViewController.swift in Sources */,
				ED57F7A824A1CBE70013A133 /* EntryViewController.swift in Sources */,
				EDD6582824C030C700201B30 /* QRViewController.swift in Sources */,
				ACDA8EC6249DE318009887A7 /* MyVoucherTableViewCell.swift in Sources */,
				7F37654C24E576B600CC27F3 /* SelectAddressViewController.swift in Sources */,
				ED1F17C824BEADFF007CF9C5 /* ItemTableViewCell.swift in Sources */,
				AC0A18F424932494009FFD93 /* Notification.swift in Sources */,
				AC13E90D249CE84400DA2A7F /* ShopViewController.swift in Sources */,
				FE16498D24C0894B00328F50 /* RewardSegmentedViewController.swift in Sources */,
				7F0B388824ADE06B0003B9D9 /* CardCell.swift in Sources */,
				ACB27A9524A5D19C00DE966B /* CrowdTrackingDataManager.swift in Sources */,
				AC0A18FC2495EE8D009FFD93 /* NotificationTableView.swift in Sources */,
				7F37654224D3FEF300CC27F3 /* ShoppingList.swift in Sources */,
				ED61105124A44BA600FFD408 /* RequestedItem.swift in Sources */,
				7F0B388624ADDA830003B9D9 /* Card.swift in Sources */,
				ED61105924AD93A500FFD408 /* QueueDataManager.swift in Sources */,
				ACAEE67B24A4223300C286BF /* YOLOv3TinyFP16.mlmodel in Sources */,
				ACAEE67124A1DC9100C286BF /* Spinner.swift in Sources */,
				34A74EED24BBFC1100A03EBD /* Plist.swift in Sources */,
				ACD286382498F2D100497BD9 /* MyAccountViewController.swift in Sources */,
				7F0B388124A486830003B9D9 /* HistoryCartCell.swift in Sources */,
				ACED1DE7249B41BF00094284 /* AccountDataManager.swift in Sources */,
				7F0B387F24A3C38C0003B9D9 /* HistoryItem.swift in Sources */,
				ED57F7A124A076C10013A133 /* StoreAnnotation.swift in Sources */,
				ED61104F24A34D8800FFD408 /* RequestorsListViewController.swift in Sources */,
				EDD6581E24BFFF8700201B30 /* ConfirmationViewController.swift in Sources */,
				EDB4682F248DEAA6000DE5F0 /* SwiftyJSON.swift in Sources */,
				ACAEE67824A3016500C286BF /* CrowdTrackingViewController.swift in Sources */,
				7F37652624B9A72F00CC27F3 /* Scan.swift in Sources */,
				EDD6582024C0042D00201B30 /* QRManager.swift in Sources */,
				34B0519A24CA791400C90A33 /* StoreSelectViewController.swift in Sources */,
				EDD6582224C0097700201B30 /* DeliveryDataManager.swift in Sources */,
				FE9023572473B9C700CE6B3A /* SceneDelegate.swift in Sources */,
				FEB741BD24CBFD4300512C73 /* OrderManager.swift in Sources */,
				AC0A18FE2495F2C5009FFD93 /* EmporiumNotificationViewController.swift in Sources */,
				7F0B387C24A3BB0B0003B9D9 /* HistoryDetailViewController.swift in Sources */,
				34A7BEBC24C5430A00FEF0BA /* StoreListViewController.swift in Sources */,
				7F52B05524E7DF2000DEEAF8 /* BankDetailViewController.swift in Sources */,
				ACED1E47249CB64800094284 /* PointDataManager.swift in Sources */,
				ED57F78F2498AAD60013A133 /* NearbyListViewController.swift in Sources */,
				7FD3CD1C249F5E7000C1CD80 /* GatewayViewController.swift in Sources */,
				7F0B387824A26CBA0003B9D9 /* HistoryViewController.swift in Sources */,
				FEB741BF24CE762800512C73 /* AddressTableViewController.swift in Sources */,
				AC18C2EA249CFF270033F4C4 /* VoucherStatus.swift in Sources */,
				FEB741C124CE770000512C73 /* Address.swift in Sources */,
				FE56B17224B58A71000274A1 /* Alert.swift in Sources */,
				ACDA8EC8249DE97F009887A7 /* MyVoucherBottomSheetViewController.swift in Sources */,
				ACD286362498950700497BD9 /* EmporiumCardButton.swift in Sources */,
				ACB27A9824A5D34700DE966B /* ChangeVisitorCountStatus.swift in Sources */,
				34A7BEBE24C5566800FEF0BA /* AddStoreViewController.swift in Sources */,
				ACDA8ED2249F3000009887A7 /* EarnedReward.swift in Sources */,
				ACDA8ED4249F560D009887A7 /* EarnedRewardStatus.swift in Sources */,
				ED57F792249A01080013A133 /* StoreDataManager.swift in Sources */,
				FE6303CD24AD93E200BF7976 /* EmptyTableViewExtension.swift in Sources */,
				ED57F7AC24A1DFC20013A133 /* InStoreViewController.swift in Sources */,
				ACED1E03249CA19700094284 /* LoginManager.swift in Sources */,
				FEB741C324CE7CD900512C73 /* GeocoderHelper.swift in Sources */,
				EDB46831248DEAF7000DE5F0 /* GroceryStore.swift in Sources */,
				FE56492524C54C890001CA4F /* Direction.swift in Sources */,
				FE32169024A98875003D1196 /* DisplayCardViewController.swift in Sources */,
				FE90235F2473B9C700CE6B3A /* Emporium.xcdatamodeld in Sources */,
				7F0B387A24A35FA60003B9D9 /* HistoryCell.swift in Sources */,
			);
			runOnlyForDeploymentPostprocessing = 0;
		};
		FE9023662473B9C900CE6B3A /* Sources */ = {
			isa = PBXSourcesBuildPhase;
			buildActionMask = 2147483647;
			files = (
				FE90236F2473B9C900CE6B3A /* EmporiumTests.swift in Sources */,
			);
			runOnlyForDeploymentPostprocessing = 0;
		};
		FE9023712473B9C900CE6B3A /* Sources */ = {
			isa = PBXSourcesBuildPhase;
			buildActionMask = 2147483647;
			files = (
				FE90237A2473B9C900CE6B3A /* EmporiumUITests.swift in Sources */,
			);
			runOnlyForDeploymentPostprocessing = 0;
		};
/* End PBXSourcesBuildPhase section */

/* Begin PBXTargetDependency section */
		FE90236C2473B9C900CE6B3A /* PBXTargetDependency */ = {
			isa = PBXTargetDependency;
			target = FE9023502473B9C700CE6B3A /* Emporium */;
			targetProxy = FE90236B2473B9C900CE6B3A /* PBXContainerItemProxy */;
		};
		FE9023772473B9C900CE6B3A /* PBXTargetDependency */ = {
			isa = PBXTargetDependency;
			target = FE9023502473B9C700CE6B3A /* Emporium */;
			targetProxy = FE9023762473B9C900CE6B3A /* PBXContainerItemProxy */;
		};
/* End PBXTargetDependency section */

/* Begin PBXVariantGroup section */
		FE90235A2473B9C700CE6B3A /* Main.storyboard */ = {
			isa = PBXVariantGroup;
			children = (
				FE90235B2473B9C700CE6B3A /* Base */,
			);
			name = Main.storyboard;
			sourceTree = "<group>";
		};
		FE9023622473B9C900CE6B3A /* LaunchScreen.storyboard */ = {
			isa = PBXVariantGroup;
			children = (
				FE9023632473B9C900CE6B3A /* Base */,
			);
			name = LaunchScreen.storyboard;
			sourceTree = "<group>";
		};
/* End PBXVariantGroup section */

/* Begin XCBuildConfiguration section */
		FE90237C2473B9C900CE6B3A /* Debug */ = {
			isa = XCBuildConfiguration;
			buildSettings = {
				ALWAYS_SEARCH_USER_PATHS = NO;
				CLANG_ANALYZER_NONNULL = YES;
				CLANG_ANALYZER_NUMBER_OBJECT_CONVERSION = YES_AGGRESSIVE;
				CLANG_CXX_LANGUAGE_STANDARD = "gnu++14";
				CLANG_CXX_LIBRARY = "libc++";
				CLANG_ENABLE_MODULES = YES;
				CLANG_ENABLE_OBJC_ARC = YES;
				CLANG_ENABLE_OBJC_WEAK = YES;
				CLANG_WARN_BLOCK_CAPTURE_AUTORELEASING = YES;
				CLANG_WARN_BOOL_CONVERSION = YES;
				CLANG_WARN_COMMA = YES;
				CLANG_WARN_CONSTANT_CONVERSION = YES;
				CLANG_WARN_DEPRECATED_OBJC_IMPLEMENTATIONS = YES;
				CLANG_WARN_DIRECT_OBJC_ISA_USAGE = YES_ERROR;
				CLANG_WARN_DOCUMENTATION_COMMENTS = YES;
				CLANG_WARN_EMPTY_BODY = YES;
				CLANG_WARN_ENUM_CONVERSION = YES;
				CLANG_WARN_INFINITE_RECURSION = YES;
				CLANG_WARN_INT_CONVERSION = YES;
				CLANG_WARN_NON_LITERAL_NULL_CONVERSION = YES;
				CLANG_WARN_OBJC_IMPLICIT_RETAIN_SELF = YES;
				CLANG_WARN_OBJC_LITERAL_CONVERSION = YES;
				CLANG_WARN_OBJC_ROOT_CLASS = YES_ERROR;
				CLANG_WARN_RANGE_LOOP_ANALYSIS = YES;
				CLANG_WARN_STRICT_PROTOTYPES = YES;
				CLANG_WARN_SUSPICIOUS_MOVE = YES;
				CLANG_WARN_UNGUARDED_AVAILABILITY = YES_AGGRESSIVE;
				CLANG_WARN_UNREACHABLE_CODE = YES;
				CLANG_WARN__DUPLICATE_METHOD_MATCH = YES;
				COPY_PHASE_STRIP = NO;
				DEBUG_INFORMATION_FORMAT = dwarf;
				ENABLE_STRICT_OBJC_MSGSEND = YES;
				ENABLE_TESTABILITY = YES;
				GCC_C_LANGUAGE_STANDARD = gnu11;
				GCC_DYNAMIC_NO_PIC = NO;
				GCC_NO_COMMON_BLOCKS = YES;
				GCC_OPTIMIZATION_LEVEL = 0;
				GCC_PREPROCESSOR_DEFINITIONS = (
					"DEBUG=1",
					"$(inherited)",
				);
				GCC_WARN_64_TO_32_BIT_CONVERSION = YES;
				GCC_WARN_ABOUT_RETURN_TYPE = YES_ERROR;
				GCC_WARN_UNDECLARED_SELECTOR = YES;
				GCC_WARN_UNINITIALIZED_AUTOS = YES_AGGRESSIVE;
				GCC_WARN_UNUSED_FUNCTION = YES;
				GCC_WARN_UNUSED_VARIABLE = YES;
				IPHONEOS_DEPLOYMENT_TARGET = 13.4;
				MTL_ENABLE_DEBUG_INFO = INCLUDE_SOURCE;
				MTL_FAST_MATH = YES;
				ONLY_ACTIVE_ARCH = YES;
				SDKROOT = iphoneos;
				SWIFT_ACTIVE_COMPILATION_CONDITIONS = DEBUG;
				SWIFT_OPTIMIZATION_LEVEL = "-Onone";
			};
			name = Debug;
		};
		FE90237D2473B9C900CE6B3A /* Release */ = {
			isa = XCBuildConfiguration;
			buildSettings = {
				ALWAYS_SEARCH_USER_PATHS = NO;
				CLANG_ANALYZER_NONNULL = YES;
				CLANG_ANALYZER_NUMBER_OBJECT_CONVERSION = YES_AGGRESSIVE;
				CLANG_CXX_LANGUAGE_STANDARD = "gnu++14";
				CLANG_CXX_LIBRARY = "libc++";
				CLANG_ENABLE_MODULES = YES;
				CLANG_ENABLE_OBJC_ARC = YES;
				CLANG_ENABLE_OBJC_WEAK = YES;
				CLANG_WARN_BLOCK_CAPTURE_AUTORELEASING = YES;
				CLANG_WARN_BOOL_CONVERSION = YES;
				CLANG_WARN_COMMA = YES;
				CLANG_WARN_CONSTANT_CONVERSION = YES;
				CLANG_WARN_DEPRECATED_OBJC_IMPLEMENTATIONS = YES;
				CLANG_WARN_DIRECT_OBJC_ISA_USAGE = YES_ERROR;
				CLANG_WARN_DOCUMENTATION_COMMENTS = YES;
				CLANG_WARN_EMPTY_BODY = YES;
				CLANG_WARN_ENUM_CONVERSION = YES;
				CLANG_WARN_INFINITE_RECURSION = YES;
				CLANG_WARN_INT_CONVERSION = YES;
				CLANG_WARN_NON_LITERAL_NULL_CONVERSION = YES;
				CLANG_WARN_OBJC_IMPLICIT_RETAIN_SELF = YES;
				CLANG_WARN_OBJC_LITERAL_CONVERSION = YES;
				CLANG_WARN_OBJC_ROOT_CLASS = YES_ERROR;
				CLANG_WARN_RANGE_LOOP_ANALYSIS = YES;
				CLANG_WARN_STRICT_PROTOTYPES = YES;
				CLANG_WARN_SUSPICIOUS_MOVE = YES;
				CLANG_WARN_UNGUARDED_AVAILABILITY = YES_AGGRESSIVE;
				CLANG_WARN_UNREACHABLE_CODE = YES;
				CLANG_WARN__DUPLICATE_METHOD_MATCH = YES;
				COPY_PHASE_STRIP = NO;
				DEBUG_INFORMATION_FORMAT = "dwarf-with-dsym";
				ENABLE_NS_ASSERTIONS = NO;
				ENABLE_STRICT_OBJC_MSGSEND = YES;
				GCC_C_LANGUAGE_STANDARD = gnu11;
				GCC_NO_COMMON_BLOCKS = YES;
				GCC_WARN_64_TO_32_BIT_CONVERSION = YES;
				GCC_WARN_ABOUT_RETURN_TYPE = YES_ERROR;
				GCC_WARN_UNDECLARED_SELECTOR = YES;
				GCC_WARN_UNINITIALIZED_AUTOS = YES_AGGRESSIVE;
				GCC_WARN_UNUSED_FUNCTION = YES;
				GCC_WARN_UNUSED_VARIABLE = YES;
				IPHONEOS_DEPLOYMENT_TARGET = 13.4;
				MTL_ENABLE_DEBUG_INFO = NO;
				MTL_FAST_MATH = YES;
				SDKROOT = iphoneos;
				SWIFT_COMPILATION_MODE = wholemodule;
				SWIFT_OPTIMIZATION_LEVEL = "-O";
				VALIDATE_PRODUCT = YES;
			};
			name = Release;
		};
		FE90237F2473B9C900CE6B3A /* Debug */ = {
			isa = XCBuildConfiguration;
			baseConfigurationReference = 46DB19238A4DD518573ED7C6 /* Pods-Emporium.debug.xcconfig */;
			buildSettings = {
				ASSETCATALOG_COMPILER_APPICON_NAME = AppIcon;
				CLANG_ENABLE_MODULES = YES;
				CODE_SIGN_STYLE = Automatic;
				DEVELOPMENT_TEAM = 657XNP8S5V;
				INFOPLIST_FILE = Emporium/Info.plist;
				LD_RUNPATH_SEARCH_PATHS = (
					"$(inherited)",
					"@executable_path/Frameworks",
				);
				PRODUCT_BUNDLE_IDENTIFIER = com.nyp.Emporium;
				PRODUCT_NAME = "$(TARGET_NAME)";
				SWIFT_OPTIMIZATION_LEVEL = "-Onone";
				SWIFT_VERSION = 5.0;
				TARGETED_DEVICE_FAMILY = "1,2";
			};
			name = Debug;
		};
		FE9023802473B9C900CE6B3A /* Release */ = {
			isa = XCBuildConfiguration;
			baseConfigurationReference = 032A23C71ADA721B83CE2895 /* Pods-Emporium.release.xcconfig */;
			buildSettings = {
				ASSETCATALOG_COMPILER_APPICON_NAME = AppIcon;
				CLANG_ENABLE_MODULES = YES;
				CODE_SIGN_STYLE = Automatic;
				DEVELOPMENT_TEAM = 657XNP8S5V;
				INFOPLIST_FILE = Emporium/Info.plist;
				LD_RUNPATH_SEARCH_PATHS = (
					"$(inherited)",
					"@executable_path/Frameworks",
				);
				PRODUCT_BUNDLE_IDENTIFIER = com.nyp.Emporium;
				PRODUCT_NAME = "$(TARGET_NAME)";
				SWIFT_VERSION = 5.0;
				TARGETED_DEVICE_FAMILY = "1,2";
			};
			name = Release;
		};
		FE9023822473B9C900CE6B3A /* Debug */ = {
			isa = XCBuildConfiguration;
			baseConfigurationReference = 813AD4276652AACA02B6DCC2 /* Pods-EmporiumTests.debug.xcconfig */;
			buildSettings = {
				ALWAYS_EMBED_SWIFT_STANDARD_LIBRARIES = YES;
				BUNDLE_LOADER = "$(TEST_HOST)";
				CODE_SIGN_STYLE = Automatic;
				DEVELOPMENT_TEAM = 657XNP8S5V;
				INFOPLIST_FILE = EmporiumTests/Info.plist;
				IPHONEOS_DEPLOYMENT_TARGET = 13.4;
				LD_RUNPATH_SEARCH_PATHS = (
					"$(inherited)",
					"@executable_path/Frameworks",
					"@loader_path/Frameworks",
				);
				PRODUCT_BUNDLE_IDENTIFIER = com.nyp.EmporiumTests;
				PRODUCT_NAME = "$(TARGET_NAME)";
				SWIFT_VERSION = 5.0;
				TARGETED_DEVICE_FAMILY = "1,2";
				TEST_HOST = "$(BUILT_PRODUCTS_DIR)/Emporium.app/Emporium";
			};
			name = Debug;
		};
		FE9023832473B9C900CE6B3A /* Release */ = {
			isa = XCBuildConfiguration;
			baseConfigurationReference = 0E29FA4271D2B1A5BFDF0B9A /* Pods-EmporiumTests.release.xcconfig */;
			buildSettings = {
				ALWAYS_EMBED_SWIFT_STANDARD_LIBRARIES = YES;
				BUNDLE_LOADER = "$(TEST_HOST)";
				CODE_SIGN_STYLE = Automatic;
				DEVELOPMENT_TEAM = 657XNP8S5V;
				INFOPLIST_FILE = EmporiumTests/Info.plist;
				IPHONEOS_DEPLOYMENT_TARGET = 13.4;
				LD_RUNPATH_SEARCH_PATHS = (
					"$(inherited)",
					"@executable_path/Frameworks",
					"@loader_path/Frameworks",
				);
				PRODUCT_BUNDLE_IDENTIFIER = com.nyp.EmporiumTests;
				PRODUCT_NAME = "$(TARGET_NAME)";
				SWIFT_VERSION = 5.0;
				TARGETED_DEVICE_FAMILY = "1,2";
				TEST_HOST = "$(BUILT_PRODUCTS_DIR)/Emporium.app/Emporium";
			};
			name = Release;
		};
		FE9023852473B9C900CE6B3A /* Debug */ = {
			isa = XCBuildConfiguration;
			baseConfigurationReference = B9D0F497670E64545D59F2DA /* Pods-Emporium-EmporiumUITests.debug.xcconfig */;
			buildSettings = {
				ALWAYS_EMBED_SWIFT_STANDARD_LIBRARIES = YES;
				CODE_SIGN_STYLE = Automatic;
				DEVELOPMENT_TEAM = 657XNP8S5V;
				INFOPLIST_FILE = EmporiumUITests/Info.plist;
				LD_RUNPATH_SEARCH_PATHS = (
					"$(inherited)",
					"@executable_path/Frameworks",
					"@loader_path/Frameworks",
				);
				PRODUCT_BUNDLE_IDENTIFIER = com.nyp.EmporiumUITests;
				PRODUCT_NAME = "$(TARGET_NAME)";
				SWIFT_VERSION = 5.0;
				TARGETED_DEVICE_FAMILY = "1,2";
				TEST_TARGET_NAME = Emporium;
			};
			name = Debug;
		};
		FE9023862473B9C900CE6B3A /* Release */ = {
			isa = XCBuildConfiguration;
			baseConfigurationReference = 40427A950A4BD24653498EAF /* Pods-Emporium-EmporiumUITests.release.xcconfig */;
			buildSettings = {
				ALWAYS_EMBED_SWIFT_STANDARD_LIBRARIES = YES;
				CODE_SIGN_STYLE = Automatic;
				DEVELOPMENT_TEAM = 657XNP8S5V;
				INFOPLIST_FILE = EmporiumUITests/Info.plist;
				LD_RUNPATH_SEARCH_PATHS = (
					"$(inherited)",
					"@executable_path/Frameworks",
					"@loader_path/Frameworks",
				);
				PRODUCT_BUNDLE_IDENTIFIER = com.nyp.EmporiumUITests;
				PRODUCT_NAME = "$(TARGET_NAME)";
				SWIFT_VERSION = 5.0;
				TARGETED_DEVICE_FAMILY = "1,2";
				TEST_TARGET_NAME = Emporium;
			};
			name = Release;
		};
/* End XCBuildConfiguration section */

/* Begin XCConfigurationList section */
		FE90234C2473B9C700CE6B3A /* Build configuration list for PBXProject "Emporium" */ = {
			isa = XCConfigurationList;
			buildConfigurations = (
				FE90237C2473B9C900CE6B3A /* Debug */,
				FE90237D2473B9C900CE6B3A /* Release */,
			);
			defaultConfigurationIsVisible = 0;
			defaultConfigurationName = Release;
		};
		FE90237E2473B9C900CE6B3A /* Build configuration list for PBXNativeTarget "Emporium" */ = {
			isa = XCConfigurationList;
			buildConfigurations = (
				FE90237F2473B9C900CE6B3A /* Debug */,
				FE9023802473B9C900CE6B3A /* Release */,
			);
			defaultConfigurationIsVisible = 0;
			defaultConfigurationName = Release;
		};
		FE9023812473B9C900CE6B3A /* Build configuration list for PBXNativeTarget "EmporiumTests" */ = {
			isa = XCConfigurationList;
			buildConfigurations = (
				FE9023822473B9C900CE6B3A /* Debug */,
				FE9023832473B9C900CE6B3A /* Release */,
			);
			defaultConfigurationIsVisible = 0;
			defaultConfigurationName = Release;
		};
		FE9023842473B9C900CE6B3A /* Build configuration list for PBXNativeTarget "EmporiumUITests" */ = {
			isa = XCConfigurationList;
			buildConfigurations = (
				FE9023852473B9C900CE6B3A /* Debug */,
				FE9023862473B9C900CE6B3A /* Release */,
			);
			defaultConfigurationIsVisible = 0;
			defaultConfigurationName = Release;
		};
/* End XCConfigurationList section */

/* Begin XCVersionGroup section */
		FE90235D2473B9C700CE6B3A /* Emporium.xcdatamodeld */ = {
			isa = XCVersionGroup;
			children = (
				FE90235E2473B9C700CE6B3A /* Emporium.xcdatamodel */,
			);
			currentVersion = FE90235E2473B9C700CE6B3A /* Emporium.xcdatamodel */;
			path = Emporium.xcdatamodeld;
			sourceTree = "<group>";
			versionGroupType = wrapper.xcdatamodel;
		};
/* End XCVersionGroup section */
	};
	rootObject = FE9023492473B9C700CE6B3A /* Project object */;
}
